// !$*UTF8*$!
{
	archiveVersion = 1;
	classes = {
	};
	objectVersion = 55;
	objects = {

/* Begin PBXBuildFile section */
		A930EA1426FFB9E10062BE51 /* main.swift in Sources */ = {isa = PBXBuildFile; fileRef = A930EA1326FFB9E10062BE51 /* main.swift */; };
		A930EA2626FFBB1E0062BE51 /* OCFileInput.swift in Sources */ = {isa = PBXBuildFile; fileRef = A930EA2026FFBB1E0062BE51 /* OCFileInput.swift */; };
		A930EA2726FFBB1E0062BE51 /* OCLexInput.swift in Sources */ = {isa = PBXBuildFile; fileRef = A930EA2226FFBB1E0062BE51 /* OCLexInput.swift */; };
		A930EA2826FFBB1E0062BE51 /* CompilerErrorDelegate.swift in Sources */ = {isa = PBXBuildFile; fileRef = A930EA2326FFBB1E0062BE51 /* CompilerErrorDelegate.swift */; };
		A930EA2926FFBB1E0062BE51 /* CompilerStream.swift in Sources */ = {isa = PBXBuildFile; fileRef = A930EA2426FFBB1E0062BE51 /* CompilerStream.swift */; };
		A930EA2C26FFBB260062BE51 /* CompilerLex.l in Sources */ = {isa = PBXBuildFile; fileRef = A930EA2A26FFBB260062BE51 /* CompilerLex.l */; };
		A930EA2D26FFBB260062BE51 /* CompilerParser.y in Sources */ = {isa = PBXBuildFile; fileRef = A930EA2B26FFBB260062BE51 /* CompilerParser.y */; };
		A97361E5273383DE00E1175A /* VirtualMachine.swift in Sources */ = {isa = PBXBuildFile; fileRef = A97361E4273383DE00E1175A /* VirtualMachine.swift */; };
		A97361E72733841C00E1175A /* ActivationRecord.swift in Sources */ = {isa = PBXBuildFile; fileRef = A97361E62733841C00E1175A /* ActivationRecord.swift */; };
		A97362042737696000E1175A /* Arrays.swift in Sources */ = {isa = PBXBuildFile; fileRef = A97362032737696000E1175A /* Arrays.swift */; };
		A990DE8E270BC0DE00C94528 /* useOfStacksAndQueues.swift in Sources */ = {isa = PBXBuildFile; fileRef = A990DE8D270BC0DE00C94528 /* useOfStacksAndQueues.swift */; };
		A990DE90270BC11800C94528 /* Queue.swift in Sources */ = {isa = PBXBuildFile; fileRef = A990DE8F270BC11800C94528 /* Queue.swift */; };
		A990DE92270BC12300C94528 /* Stack.swift in Sources */ = {isa = PBXBuildFile; fileRef = A990DE91270BC12300C94528 /* Stack.swift */; };
		A990DE99270CE7D700C94528 /* Type.swift in Sources */ = {isa = PBXBuildFile; fileRef = A990DE98270CE7D700C94528 /* Type.swift */; };
		A990DE9B270CED6000C94528 /* SymbolTable.swift in Sources */ = {isa = PBXBuildFile; fileRef = A990DE9A270CED6000C94528 /* SymbolTable.swift */; };
		A990DE9D270F779900C94528 /* SemanticTable.swift in Sources */ = {isa = PBXBuildFile; fileRef = A990DE9C270F779900C94528 /* SemanticTable.swift */; };
		A990DE9F2715593000C94528 /* Kind.swift in Sources */ = {isa = PBXBuildFile; fileRef = A990DE9E2715593000C94528 /* Kind.swift */; };
		A990DEA22715597400C94528 /* Quadruple.swift in Sources */ = {isa = PBXBuildFile; fileRef = A990DEA12715597400C94528 /* Quadruple.swift */; };
		A990DEA527162F3700C94528 /* SemanticHandler.swift in Sources */ = {isa = PBXBuildFile; fileRef = A990DEA427162F3700C94528 /* SemanticHandler.swift */; };
		A990DEA72716395B00C94528 /* OperatorStack.swift in Sources */ = {isa = PBXBuildFile; fileRef = A990DEA62716395B00C94528 /* OperatorStack.swift */; };
		A990DEA92716446700C94528 /* BooleanType.swift in Sources */ = {isa = PBXBuildFile; fileRef = A990DEA82716446700C94528 /* BooleanType.swift */; };
		A9955AA3271A0EE100A5BC43 /* VirtualMemory.swift in Sources */ = {isa = PBXBuildFile; fileRef = A9955AA2271A0EE100A5BC43 /* VirtualMemory.swift */; };
		A9955AA5271A10A700A5BC43 /* VirtualMemoryBlock.swift in Sources */ = {isa = PBXBuildFile; fileRef = A9955AA4271A10A700A5BC43 /* VirtualMemoryBlock.swift */; };
		A9955AA7271A119B00A5BC43 /* SegmentType.swift in Sources */ = {isa = PBXBuildFile; fileRef = A9955AA6271A119B00A5BC43 /* SegmentType.swift */; };
		A9955AAB271A5AA400A5BC43 /* VirtualMemorySemantic.swift in Sources */ = {isa = PBXBuildFile; fileRef = A9955AAA271A5AA400A5BC43 /* VirtualMemorySemantic.swift */; };
		A9955AC9271FC28100A5BC43 /* WriteFile.swift in Sources */ = {isa = PBXBuildFile; fileRef = A9955AC8271FC28100A5BC43 /* WriteFile.swift */; };
		A9FA5EA826FFBF5100425354 /* ReadFromFile.swift in Sources */ = {isa = PBXBuildFile; fileRef = A9FA5EA726FFBF5100425354 /* ReadFromFile.swift */; };
/* End PBXBuildFile section */

/* Begin PBXBuildRule section */
		A930EA1A26FFBA1D0062BE51 /* PBXBuildRule */ = {
			isa = PBXBuildRule;
			compilerSpec = com.apple.compilers.proxy.script;
			fileType = sourcecode.yacc;
			inputFiles = (
			);
			isEditable = 1;
			outputFiles = (
				"$(DERIVED_FILE_DIR)/$(INPUT_FILE_BASE).swift",
			);
			script = "/usr/local/bin/ocyacc -l swift -o \"$DERIVED_SOURCES_DIR/$INPUT_FILE_BASE\" \"$INPUT_FILE_PATH\"\n";
		};
		A930EA1B26FFBA920062BE51 /* PBXBuildRule */ = {
			isa = PBXBuildRule;
			compilerSpec = com.apple.compilers.proxy.script;
			fileType = sourcecode.lex;
			inputFiles = (
			);
			isEditable = 1;
			outputFiles = (
				"$DERIVED_SOURCES_DIR/$(INPUT_FILE_BASE).swift",
			);
			script = "/usr/local/bin/oclex -l swift -o \"$DERIVED_SOURCES_DIR/$INPUT_FILE_BASE\" \"$INPUT_FILE_PATH\"\n\n";
		};
/* End PBXBuildRule section */

/* Begin PBXCopyFilesBuildPhase section */
		A930EA0E26FFB9E10062BE51 /* CopyFiles */ = {
			isa = PBXCopyFilesBuildPhase;
			buildActionMask = 2147483647;
			dstPath = /usr/share/man/man1/;
			dstSubfolderSpec = 0;
			files = (
			);
			runOnlyForDeploymentPostprocessing = 1;
		};
/* End PBXCopyFilesBuildPhase section */

/* Begin PBXFileReference section */
		313FBE6A2724992E00A5BA1D /* outputCompilador.txt */ = {isa = PBXFileReference; lastKnownFileType = text; path = outputCompilador.txt; sourceTree = "<group>"; };
		A930EA1026FFB9E10062BE51 /* Compilador */ = {isa = PBXFileReference; explicitFileType = "compiled.mach-o.executable"; includeInIndex = 0; path = Compilador; sourceTree = BUILT_PRODUCTS_DIR; };
		A930EA1326FFB9E10062BE51 /* main.swift */ = {isa = PBXFileReference; lastKnownFileType = sourcecode.swift; path = main.swift; sourceTree = "<group>"; };
		A930EA2026FFBB1E0062BE51 /* OCFileInput.swift */ = {isa = PBXFileReference; fileEncoding = 4; lastKnownFileType = sourcecode.swift; path = OCFileInput.swift; sourceTree = "<group>"; };
		A930EA2226FFBB1E0062BE51 /* OCLexInput.swift */ = {isa = PBXFileReference; fileEncoding = 4; lastKnownFileType = sourcecode.swift; path = OCLexInput.swift; sourceTree = "<group>"; };
		A930EA2326FFBB1E0062BE51 /* CompilerErrorDelegate.swift */ = {isa = PBXFileReference; fileEncoding = 4; lastKnownFileType = sourcecode.swift; path = CompilerErrorDelegate.swift; sourceTree = "<group>"; };
		A930EA2426FFBB1E0062BE51 /* CompilerStream.swift */ = {isa = PBXFileReference; fileEncoding = 4; lastKnownFileType = sourcecode.swift; path = CompilerStream.swift; sourceTree = "<group>"; };
		A930EA2A26FFBB260062BE51 /* CompilerLex.l */ = {isa = PBXFileReference; fileEncoding = 4; lastKnownFileType = sourcecode.lex; path = CompilerLex.l; sourceTree = "<group>"; };
		A930EA2B26FFBB260062BE51 /* CompilerParser.y */ = {isa = PBXFileReference; fileEncoding = 4; lastKnownFileType = sourcecode.yacc; path = CompilerParser.y; sourceTree = "<group>"; xcLanguageSpecificationIdentifier = xcode.lang.yacc; };
		A94A1722274317E400B84449 /* fibonnacci.aj */ = {isa = PBXFileReference; lastKnownFileType = text; path = fibonnacci.aj; sourceTree = "<group>"; xcLanguageSpecificationIdentifier = xcode.lang.swift; };
		A94A17232743801E00B84449 /* fibonacciRecursive.aj */ = {isa = PBXFileReference; lastKnownFileType = text; path = fibonacciRecursive.aj; sourceTree = "<group>"; xcLanguageSpecificationIdentifier = xcode.lang.swift; };
		A96CA89527445082008E2FEE /* bubbleSort.aj */ = {isa = PBXFileReference; lastKnownFileType = text; path = bubbleSort.aj; sourceTree = "<group>"; xcLanguageSpecificationIdentifier = xcode.lang.swift; };
		A97361E4273383DE00E1175A /* VirtualMachine.swift */ = {isa = PBXFileReference; lastKnownFileType = sourcecode.swift; path = VirtualMachine.swift; sourceTree = "<group>"; };
		A97361E62733841C00E1175A /* ActivationRecord.swift */ = {isa = PBXFileReference; lastKnownFileType = sourcecode.swift; path = ActivationRecord.swift; sourceTree = "<group>"; };
		A97362032737696000E1175A /* Arrays.swift */ = {isa = PBXFileReference; lastKnownFileType = sourcecode.swift; path = Arrays.swift; sourceTree = "<group>"; };
		A990DE3F27095A3900C94528 /* diagramas.pdf */ = {isa = PBXFileReference; lastKnownFileType = image.pdf; path = diagramas.pdf; sourceTree = "<group>"; };
		A990DE8D270BC0DE00C94528 /* useOfStacksAndQueues.swift */ = {isa = PBXFileReference; fileEncoding = 4; lastKnownFileType = sourcecode.swift; path = useOfStacksAndQueues.swift; sourceTree = "<group>"; };
		A990DE8F270BC11800C94528 /* Queue.swift */ = {isa = PBXFileReference; lastKnownFileType = sourcecode.swift; path = Queue.swift; sourceTree = "<group>"; };
		A990DE91270BC12300C94528 /* Stack.swift */ = {isa = PBXFileReference; lastKnownFileType = sourcecode.swift; path = Stack.swift; sourceTree = "<group>"; };
		A990DE98270CE7D700C94528 /* Type.swift */ = {isa = PBXFileReference; lastKnownFileType = sourcecode.swift; path = Type.swift; sourceTree = "<group>"; };
		A990DE9A270CED6000C94528 /* SymbolTable.swift */ = {isa = PBXFileReference; lastKnownFileType = sourcecode.swift; path = SymbolTable.swift; sourceTree = "<group>"; };
		A990DE9C270F779900C94528 /* SemanticTable.swift */ = {isa = PBXFileReference; lastKnownFileType = sourcecode.swift; path = SemanticTable.swift; sourceTree = "<group>"; };
		A990DE9E2715593000C94528 /* Kind.swift */ = {isa = PBXFileReference; lastKnownFileType = sourcecode.swift; path = Kind.swift; sourceTree = "<group>"; };
		A990DEA12715597400C94528 /* Quadruple.swift */ = {isa = PBXFileReference; lastKnownFileType = sourcecode.swift; path = Quadruple.swift; sourceTree = "<group>"; };
		A990DEA427162F3700C94528 /* SemanticHandler.swift */ = {isa = PBXFileReference; lastKnownFileType = sourcecode.swift; path = SemanticHandler.swift; sourceTree = "<group>"; };
		A990DEA62716395B00C94528 /* OperatorStack.swift */ = {isa = PBXFileReference; lastKnownFileType = sourcecode.swift; path = OperatorStack.swift; sourceTree = "<group>"; };
		A990DEA82716446700C94528 /* BooleanType.swift */ = {isa = PBXFileReference; lastKnownFileType = sourcecode.swift; path = BooleanType.swift; sourceTree = "<group>"; };
		A9955AA2271A0EE100A5BC43 /* VirtualMemory.swift */ = {isa = PBXFileReference; lastKnownFileType = sourcecode.swift; path = VirtualMemory.swift; sourceTree = "<group>"; };
		A9955AA4271A10A700A5BC43 /* VirtualMemoryBlock.swift */ = {isa = PBXFileReference; lastKnownFileType = sourcecode.swift; path = VirtualMemoryBlock.swift; sourceTree = "<group>"; };
		A9955AA6271A119B00A5BC43 /* SegmentType.swift */ = {isa = PBXFileReference; lastKnownFileType = sourcecode.swift; path = SegmentType.swift; sourceTree = "<group>"; };
		A9955AAA271A5AA400A5BC43 /* VirtualMemorySemantic.swift */ = {isa = PBXFileReference; lastKnownFileType = sourcecode.swift; path = VirtualMemorySemantic.swift; sourceTree = "<group>"; };
		A9955AC8271FC28100A5BC43 /* WriteFile.swift */ = {isa = PBXFileReference; lastKnownFileType = sourcecode.swift; path = WriteFile.swift; sourceTree = "<group>"; };
		A9955ADD2724920700A5BC43 /* outputCompilador.txt */ = {isa = PBXFileReference; fileEncoding = 4; lastKnownFileType = text; path = outputCompilador.txt; sourceTree = "<group>"; };
		A9FA5EA726FFBF5100425354 /* ReadFromFile.swift */ = {isa = PBXFileReference; lastKnownFileType = sourcecode.swift; path = ReadFromFile.swift; sourceTree = "<group>"; };
		A9FA5EA926FFBF9D00425354 /* test.test */ = {isa = PBXFileReference; lastKnownFileType = text; path = test.test; sourceTree = "<group>"; xcLanguageSpecificationIdentifier = xcode.lang.swift; };
/* End PBXFileReference section */

/* Begin PBXFrameworksBuildPhase section */
		A930EA0D26FFB9E10062BE51 /* Frameworks */ = {
			isa = PBXFrameworksBuildPhase;
			buildActionMask = 2147483647;
			files = (
			);
			runOnlyForDeploymentPostprocessing = 0;
		};
/* End PBXFrameworksBuildPhase section */

/* Begin PBXGroup section */
		A930EA0726FFB9E10062BE51 = {
			isa = PBXGroup;
			children = (
				A930EA1226FFB9E10062BE51 /* Compilador */,
				A930EA1126FFB9E10062BE51 /* Products */,
			);
			sourceTree = "<group>";
		};
		A930EA1126FFB9E10062BE51 /* Products */ = {
			isa = PBXGroup;
			children = (
				A930EA1026FFB9E10062BE51 /* Compilador */,
			);
			name = Products;
			sourceTree = "<group>";
		};
		A930EA1226FFB9E10062BE51 /* Compilador */ = {
			isa = PBXGroup;
			children = (
				A9955ADD2724920700A5BC43 /* outputCompilador.txt */,
				A9955AA1271A0ED100A5BC43 /* VirtualMachine */,
				A990DEA327162F2700C94528 /* Semantic */,
				A990DEA02715596700C94528 /* Cuadruples */,
				A990DE93270CE74900C94528 /* Symbols */,
				A9FA5EA626FFBF3C00425354 /* Helper */,
				A9FA5EA526FFBF0400425354 /* Utils */,
				A9FA5EA426FFBEFA00425354 /* Lexer */,
				A9FA5EA326FFBEF400425354 /* Parser */,
				A930EA1326FFB9E10062BE51 /* main.swift */,
				A9FA5EA926FFBF9D00425354 /* test.test */,
				A990DE3F27095A3900C94528 /* diagramas.pdf */,
				313FBE6A2724992E00A5BA1D /* outputCompilador.txt */,
				A94A1722274317E400B84449 /* fibonnacci.aj */,
				A94A17232743801E00B84449 /* fibonacciRecursive.aj */,
				A96CA89527445082008E2FEE /* bubbleSort.aj */,
			);
			path = Compilador;
			sourceTree = "<group>";
		};
		A990DE93270CE74900C94528 /* Symbols */ = {
			isa = PBXGroup;
			children = (
				A990DE98270CE7D700C94528 /* Type.swift */,
				A990DE9A270CED6000C94528 /* SymbolTable.swift */,
				A990DE9C270F779900C94528 /* SemanticTable.swift */,
				A990DE9E2715593000C94528 /* Kind.swift */,
				A990DEA82716446700C94528 /* BooleanType.swift */,
				A97362032737696000E1175A /* Arrays.swift */,
			);
			path = Symbols;
			sourceTree = "<group>";
		};
		A990DEA02715596700C94528 /* Cuadruples */ = {
			isa = PBXGroup;
			children = (
				A990DEA12715597400C94528 /* Quadruple.swift */,
				A990DEA62716395B00C94528 /* OperatorStack.swift */,
			);
			path = Cuadruples;
			sourceTree = "<group>";
		};
		A990DEA327162F2700C94528 /* Semantic */ = {
			isa = PBXGroup;
			children = (
				A9955AA9271A5A8600A5BC43 /* VirtualMemory */,
				A990DEA427162F3700C94528 /* SemanticHandler.swift */,
			);
			path = Semantic;
			sourceTree = "<group>";
		};
		A9955AA1271A0ED100A5BC43 /* VirtualMachine */ = {
			isa = PBXGroup;
			children = (
				A9955AA2271A0EE100A5BC43 /* VirtualMemory.swift */,
				A9955AA4271A10A700A5BC43 /* VirtualMemoryBlock.swift */,
				A9955AA6271A119B00A5BC43 /* SegmentType.swift */,
				A97361E4273383DE00E1175A /* VirtualMachine.swift */,
				A97361E62733841C00E1175A /* ActivationRecord.swift */,
			);
			path = VirtualMachine;
			sourceTree = "<group>";
		};
		A9955AA9271A5A8600A5BC43 /* VirtualMemory */ = {
			isa = PBXGroup;
			children = (
				A9955AAA271A5AA400A5BC43 /* VirtualMemorySemantic.swift */,
			);
			path = VirtualMemory;
			sourceTree = "<group>";
		};
		A9FA5EA326FFBEF400425354 /* Parser */ = {
			isa = PBXGroup;
			children = (
				A930EA2B26FFBB260062BE51 /* CompilerParser.y */,
			);
			path = Parser;
			sourceTree = "<group>";
		};
		A9FA5EA426FFBEFA00425354 /* Lexer */ = {
			isa = PBXGroup;
			children = (
				A930EA2A26FFBB260062BE51 /* CompilerLex.l */,
				A930EA2026FFBB1E0062BE51 /* OCFileInput.swift */,
				A930EA2226FFBB1E0062BE51 /* OCLexInput.swift */,
			);
			path = Lexer;
			sourceTree = "<group>";
		};
		A9FA5EA526FFBF0400425354 /* Utils */ = {
			isa = PBXGroup;
			children = (
				A930EA2426FFBB1E0062BE51 /* CompilerStream.swift */,
				A930EA2326FFBB1E0062BE51 /* CompilerErrorDelegate.swift */,
			);
			path = Utils;
			sourceTree = "<group>";
		};
		A9FA5EA626FFBF3C00425354 /* Helper */ = {
			isa = PBXGroup;
			children = (
				A990DE8D270BC0DE00C94528 /* useOfStacksAndQueues.swift */,
				A9FA5EA726FFBF5100425354 /* ReadFromFile.swift */,
				A990DE8F270BC11800C94528 /* Queue.swift */,
				A990DE91270BC12300C94528 /* Stack.swift */,
				A9955AC8271FC28100A5BC43 /* WriteFile.swift */,
			);
			path = Helper;
			sourceTree = "<group>";
		};
/* End PBXGroup section */

/* Begin PBXNativeTarget section */
		A930EA0F26FFB9E10062BE51 /* Compilador */ = {
			isa = PBXNativeTarget;
			buildConfigurationList = A930EA1726FFB9E10062BE51 /* Build configuration list for PBXNativeTarget "Compilador" */;
			buildPhases = (
				A930EA0C26FFB9E10062BE51 /* Sources */,
				A930EA0D26FFB9E10062BE51 /* Frameworks */,
				A930EA0E26FFB9E10062BE51 /* CopyFiles */,
				A9955AC7271FAB8500A5BC43 /* ShellScript */,
			);
			buildRules = (
				A930EA1B26FFBA920062BE51 /* PBXBuildRule */,
				A930EA1A26FFBA1D0062BE51 /* PBXBuildRule */,
			);
			dependencies = (
			);
			name = Compilador;
			productName = Compilador;
			productReference = A930EA1026FFB9E10062BE51 /* Compilador */;
			productType = "com.apple.product-type.tool";
		};
/* End PBXNativeTarget section */

/* Begin PBXProject section */
		A930EA0826FFB9E10062BE51 /* Project object */ = {
			isa = PBXProject;
			attributes = {
				BuildIndependentTargetsInParallel = 1;
				LastSwiftUpdateCheck = 1300;
				LastUpgradeCheck = 1300;
				TargetAttributes = {
					A930EA0F26FFB9E10062BE51 = {
						CreatedOnToolsVersion = 13.0;
					};
				};
			};
			buildConfigurationList = A930EA0B26FFB9E10062BE51 /* Build configuration list for PBXProject "Compilador" */;
			compatibilityVersion = "Xcode 13.0";
			developmentRegion = en;
			hasScannedForEncodings = 0;
			knownRegions = (
				en,
				Base,
			);
			mainGroup = A930EA0726FFB9E10062BE51;
			productRefGroup = A930EA1126FFB9E10062BE51 /* Products */;
			projectDirPath = "";
			projectRoot = "";
			targets = (
				A930EA0F26FFB9E10062BE51 /* Compilador */,
			);
		};
/* End PBXProject section */

/* Begin PBXShellScriptBuildPhase section */
		A9955AC7271FAB8500A5BC43 /* ShellScript */ = {
			isa = PBXShellScriptBuildPhase;
			buildActionMask = 2147483647;
			files = (
			);
			inputFileListPaths = (
			);
			inputPaths = (
			);
			outputFileListPaths = (
			);
			outputPaths = (
			);
			runOnlyForDeploymentPostprocessing = 0;
			shellPath = /bin/sh;
			shellScript = "# Type a script or drag a script file from your workspace to insert its path.\n";
		};
/* End PBXShellScriptBuildPhase section */

/* Begin PBXSourcesBuildPhase section */
		A930EA0C26FFB9E10062BE51 /* Sources */ = {
			isa = PBXSourcesBuildPhase;
			buildActionMask = 2147483647;
			files = (
				A990DEA72716395B00C94528 /* OperatorStack.swift in Sources */,
				A9955AA5271A10A700A5BC43 /* VirtualMemoryBlock.swift in Sources */,
				A990DE9D270F779900C94528 /* SemanticTable.swift in Sources */,
				A9955AAB271A5AA400A5BC43 /* VirtualMemorySemantic.swift in Sources */,
				A97362042737696000E1175A /* Arrays.swift in Sources */,
				A930EA2D26FFBB260062BE51 /* CompilerParser.y in Sources */,
				A930EA2926FFBB1E0062BE51 /* CompilerStream.swift in Sources */,
				A930EA2626FFBB1E0062BE51 /* OCFileInput.swift in Sources */,
				A9955AA7271A119B00A5BC43 /* SegmentType.swift in Sources */,
				A930EA2726FFBB1E0062BE51 /* OCLexInput.swift in Sources */,
				A930EA2C26FFBB260062BE51 /* CompilerLex.l in Sources */,
				A990DE92270BC12300C94528 /* Stack.swift in Sources */,
				A97361E5273383DE00E1175A /* VirtualMachine.swift in Sources */,
				A990DEA92716446700C94528 /* BooleanType.swift in Sources */,
				A990DE90270BC11800C94528 /* Queue.swift in Sources */,
				A9955AC9271FC28100A5BC43 /* WriteFile.swift in Sources */,
				A9FA5EA826FFBF5100425354 /* ReadFromFile.swift in Sources */,
				A930EA1426FFB9E10062BE51 /* main.swift in Sources */,
				A990DE99270CE7D700C94528 /* Type.swift in Sources */,
				A990DE9B270CED6000C94528 /* SymbolTable.swift in Sources */,
				A930EA2826FFBB1E0062BE51 /* CompilerErrorDelegate.swift in Sources */,
				A990DEA527162F3700C94528 /* SemanticHandler.swift in Sources */,
				A990DEA22715597400C94528 /* Quadruple.swift in Sources */,
				A97361E72733841C00E1175A /* ActivationRecord.swift in Sources */,
				A990DE8E270BC0DE00C94528 /* useOfStacksAndQueues.swift in Sources */,
				A9955AA3271A0EE100A5BC43 /* VirtualMemory.swift in Sources */,
				A990DE9F2715593000C94528 /* Kind.swift in Sources */,
			);
			runOnlyForDeploymentPostprocessing = 0;
		};
/* End PBXSourcesBuildPhase section */

/* Begin XCBuildConfiguration section */
		A930EA1526FFB9E10062BE51 /* Debug */ = {
			isa = XCBuildConfiguration;
			buildSettings = {
				ALWAYS_SEARCH_USER_PATHS = NO;
				CLANG_ANALYZER_NONNULL = YES;
				CLANG_ANALYZER_NUMBER_OBJECT_CONVERSION = YES_AGGRESSIVE;
				CLANG_CXX_LANGUAGE_STANDARD = "gnu++17";
				CLANG_CXX_LIBRARY = "libc++";
				CLANG_ENABLE_MODULES = YES;
				CLANG_ENABLE_OBJC_ARC = YES;
				CLANG_ENABLE_OBJC_WEAK = YES;
				CLANG_WARN_BLOCK_CAPTURE_AUTORELEASING = YES;
				CLANG_WARN_BOOL_CONVERSION = YES;
				CLANG_WARN_COMMA = YES;
				CLANG_WARN_CONSTANT_CONVERSION = YES;
				CLANG_WARN_DEPRECATED_OBJC_IMPLEMENTATIONS = YES;
				CLANG_WARN_DIRECT_OBJC_ISA_USAGE = YES_ERROR;
				CLANG_WARN_DOCUMENTATION_COMMENTS = YES;
				CLANG_WARN_EMPTY_BODY = YES;
				CLANG_WARN_ENUM_CONVERSION = YES;
				CLANG_WARN_INFINITE_RECURSION = YES;
				CLANG_WARN_INT_CONVERSION = YES;
				CLANG_WARN_NON_LITERAL_NULL_CONVERSION = YES;
				CLANG_WARN_OBJC_IMPLICIT_RETAIN_SELF = YES;
				CLANG_WARN_OBJC_LITERAL_CONVERSION = YES;
				CLANG_WARN_OBJC_ROOT_CLASS = YES_ERROR;
				CLANG_WARN_QUOTED_INCLUDE_IN_FRAMEWORK_HEADER = YES;
				CLANG_WARN_RANGE_LOOP_ANALYSIS = YES;
				CLANG_WARN_STRICT_PROTOTYPES = YES;
				CLANG_WARN_SUSPICIOUS_MOVE = YES;
				CLANG_WARN_UNGUARDED_AVAILABILITY = YES_AGGRESSIVE;
				CLANG_WARN_UNREACHABLE_CODE = YES;
				CLANG_WARN__DUPLICATE_METHOD_MATCH = YES;
				COPY_PHASE_STRIP = NO;
				DEBUG_INFORMATION_FORMAT = dwarf;
				ENABLE_STRICT_OBJC_MSGSEND = YES;
				ENABLE_TESTABILITY = YES;
				GCC_C_LANGUAGE_STANDARD = gnu11;
				GCC_DYNAMIC_NO_PIC = NO;
				GCC_NO_COMMON_BLOCKS = YES;
				GCC_OPTIMIZATION_LEVEL = 0;
				GCC_PREPROCESSOR_DEFINITIONS = (
					"DEBUG=1",
					"$(inherited)",
				);
				GCC_WARN_64_TO_32_BIT_CONVERSION = YES;
				GCC_WARN_ABOUT_RETURN_TYPE = YES_ERROR;
				GCC_WARN_UNDECLARED_SELECTOR = YES;
				GCC_WARN_UNINITIALIZED_AUTOS = YES_AGGRESSIVE;
				GCC_WARN_UNUSED_FUNCTION = YES;
				GCC_WARN_UNUSED_VARIABLE = YES;
				MACOSX_DEPLOYMENT_TARGET = 11.3;
				MTL_ENABLE_DEBUG_INFO = INCLUDE_SOURCE;
				MTL_FAST_MATH = YES;
				ONLY_ACTIVE_ARCH = YES;
				SDKROOT = macosx;
				SWIFT_ACTIVE_COMPILATION_CONDITIONS = DEBUG;
				SWIFT_OPTIMIZATION_LEVEL = "-Onone";
			};
			name = Debug;
		};
		A930EA1626FFB9E10062BE51 /* Release */ = {
			isa = XCBuildConfiguration;
			buildSettings = {
				ALWAYS_SEARCH_USER_PATHS = NO;
				CLANG_ANALYZER_NONNULL = YES;
				CLANG_ANALYZER_NUMBER_OBJECT_CONVERSION = YES_AGGRESSIVE;
				CLANG_CXX_LANGUAGE_STANDARD = "gnu++17";
				CLANG_CXX_LIBRARY = "libc++";
				CLANG_ENABLE_MODULES = YES;
				CLANG_ENABLE_OBJC_ARC = YES;
				CLANG_ENABLE_OBJC_WEAK = YES;
				CLANG_WARN_BLOCK_CAPTURE_AUTORELEASING = YES;
				CLANG_WARN_BOOL_CONVERSION = YES;
				CLANG_WARN_COMMA = YES;
				CLANG_WARN_CONSTANT_CONVERSION = YES;
				CLANG_WARN_DEPRECATED_OBJC_IMPLEMENTATIONS = YES;
				CLANG_WARN_DIRECT_OBJC_ISA_USAGE = YES_ERROR;
				CLANG_WARN_DOCUMENTATION_COMMENTS = YES;
				CLANG_WARN_EMPTY_BODY = YES;
				CLANG_WARN_ENUM_CONVERSION = YES;
				CLANG_WARN_INFINITE_RECURSION = YES;
				CLANG_WARN_INT_CONVERSION = YES;
				CLANG_WARN_NON_LITERAL_NULL_CONVERSION = YES;
				CLANG_WARN_OBJC_IMPLICIT_RETAIN_SELF = YES;
				CLANG_WARN_OBJC_LITERAL_CONVERSION = YES;
				CLANG_WARN_OBJC_ROOT_CLASS = YES_ERROR;
				CLANG_WARN_QUOTED_INCLUDE_IN_FRAMEWORK_HEADER = YES;
				CLANG_WARN_RANGE_LOOP_ANALYSIS = YES;
				CLANG_WARN_STRICT_PROTOTYPES = YES;
				CLANG_WARN_SUSPICIOUS_MOVE = YES;
				CLANG_WARN_UNGUARDED_AVAILABILITY = YES_AGGRESSIVE;
				CLANG_WARN_UNREACHABLE_CODE = YES;
				CLANG_WARN__DUPLICATE_METHOD_MATCH = YES;
				COPY_PHASE_STRIP = NO;
				DEBUG_INFORMATION_FORMAT = "dwarf-with-dsym";
				ENABLE_NS_ASSERTIONS = NO;
				ENABLE_STRICT_OBJC_MSGSEND = YES;
				GCC_C_LANGUAGE_STANDARD = gnu11;
				GCC_NO_COMMON_BLOCKS = YES;
				GCC_WARN_64_TO_32_BIT_CONVERSION = YES;
				GCC_WARN_ABOUT_RETURN_TYPE = YES_ERROR;
				GCC_WARN_UNDECLARED_SELECTOR = YES;
				GCC_WARN_UNINITIALIZED_AUTOS = YES_AGGRESSIVE;
				GCC_WARN_UNUSED_FUNCTION = YES;
				GCC_WARN_UNUSED_VARIABLE = YES;
				MACOSX_DEPLOYMENT_TARGET = 11.3;
				MTL_ENABLE_DEBUG_INFO = NO;
				MTL_FAST_MATH = YES;
				SDKROOT = macosx;
				SWIFT_COMPILATION_MODE = wholemodule;
				SWIFT_OPTIMIZATION_LEVEL = "-O";
			};
			name = Release;
		};
		A930EA1826FFB9E10062BE51 /* Debug */ = {
			isa = XCBuildConfiguration;
			buildSettings = {
				CODE_SIGN_STYLE = Automatic;
				DEVELOPMENT_TEAM = XYQR9G9T5T;
				ENABLE_HARDENED_RUNTIME = YES;
				INFOPLIST_FILE = "$(SRCROOT)/Compilador/info.plist";
				PRODUCT_NAME = "$(TARGET_NAME)";
				SWIFT_VERSION = 5.0;
			};
			name = Debug;
		};
		A930EA1926FFB9E10062BE51 /* Release */ = {
			isa = XCBuildConfiguration;
			buildSettings = {
				CODE_SIGN_STYLE = Automatic;
				DEVELOPMENT_TEAM = XYQR9G9T5T;
				ENABLE_HARDENED_RUNTIME = YES;
				INFOPLIST_FILE = "$(SRCROOT)/Compilador/info.plist";
				PRODUCT_NAME = "$(TARGET_NAME)";
				SWIFT_VERSION = 5.0;
			};
			name = Release;
		};
/* End XCBuildConfiguration section */

/* Begin XCConfigurationList section */
		A930EA0B26FFB9E10062BE51 /* Build configuration list for PBXProject "Compilador" */ = {
			isa = XCConfigurationList;
			buildConfigurations = (
				A930EA1526FFB9E10062BE51 /* Debug */,
				A930EA1626FFB9E10062BE51 /* Release */,
			);
			defaultConfigurationIsVisible = 0;
			defaultConfigurationName = Release;
		};
		A930EA1726FFB9E10062BE51 /* Build configuration list for PBXNativeTarget "Compilador" */ = {
			isa = XCConfigurationList;
			buildConfigurations = (
				A930EA1826FFB9E10062BE51 /* Debug */,
				A930EA1926FFB9E10062BE51 /* Release */,
			);
			defaultConfigurationIsVisible = 0;
			defaultConfigurationName = Release;
		};
/* End XCConfigurationList section */
	};
	rootObject = A930EA0826FFB9E10062BE51 /* Project object */;
}
