// !$*UTF8*$!
{
	archiveVersion = 1;
	classes = {
	};
	objectVersion = 55;
	objects = {

/* Begin PBXBuildFile section */
		A90B3202274E050000D0F0A3 /* SemanticCube.swift in Sources */ = {isa = PBXBuildFile; fileRef = A90B3201274E050000D0F0A3 /* SemanticCube.swift */; };
		A930EA1426FFB9E10062BE51 /* main.swift in Sources */ = {isa = PBXBuildFile; fileRef = A930EA1326FFB9E10062BE51 /* main.swift */; };
		A930EA2626FFBB1E0062BE51 /* OCFileInput.swift in Sources */ = {isa = PBXBuildFile; fileRef = A930EA2026FFBB1E0062BE51 /* OCFileInput.swift */; };
		A930EA2726FFBB1E0062BE51 /* OCLexInput.swift in Sources */ = {isa = PBXBuildFile; fileRef = A930EA2226FFBB1E0062BE51 /* OCLexInput.swift */; };
		A930EA2826FFBB1E0062BE51 /* CompilerErrorDelegate.swift in Sources */ = {isa = PBXBuildFile; fileRef = A930EA2326FFBB1E0062BE51 /* CompilerErrorDelegate.swift */; };
		A930EA2926FFBB1E0062BE51 /* CompilerStream.swift in Sources */ = {isa = PBXBuildFile; fileRef = A930EA2426FFBB1E0062BE51 /* CompilerStream.swift */; };
		A930EA2C26FFBB260062BE51 /* CompilerLex.l in Sources */ = {isa = PBXBuildFile; fileRef = A930EA2A26FFBB260062BE51 /* CompilerLex.l */; };
		A930EA2D26FFBB260062BE51 /* CompilerParser.y in Sources */ = {isa = PBXBuildFile; fileRef = A930EA2B26FFBB260062BE51 /* CompilerParser.y */; };
		A94E3F56274C29F100B5A8E2 /* CompilerParser.swift in Sources */ = {isa = PBXBuildFile; fileRef = A94E3F54274C29F100B5A8E2 /* CompilerParser.swift */; };
		A94E3F57274C29F100B5A8E2 /* CompilerParser.swift in Sources */ = {isa = PBXBuildFile; fileRef = A94E3F54274C29F100B5A8E2 /* CompilerParser.swift */; };
		A94E3F58274C29F100B5A8E2 /* CompilerLex.swift in Sources */ = {isa = PBXBuildFile; fileRef = A94E3F55274C29F100B5A8E2 /* CompilerLex.swift */; };
		A94E3F59274C29F100B5A8E2 /* CompilerLex.swift in Sources */ = {isa = PBXBuildFile; fileRef = A94E3F55274C29F100B5A8E2 /* CompilerLex.swift */; };
		A94E3F5F274C440D00B5A8E2 /* Icon_2.icns in Resources */ = {isa = PBXBuildFile; fileRef = A94E3F5E274C440C00B5A8E2 /* Icon_2.icns */; };
		A94E3F60274C440D00B5A8E2 /* Icon_2.icns in Resources */ = {isa = PBXBuildFile; fileRef = A94E3F5E274C440C00B5A8E2 /* Icon_2.icns */; };
		A97361E5273383DE00E1175A /* VirtualMachine.swift in Sources */ = {isa = PBXBuildFile; fileRef = A97361E4273383DE00E1175A /* VirtualMachine.swift */; };
		A97361E72733841C00E1175A /* ActivationRecord.swift in Sources */ = {isa = PBXBuildFile; fileRef = A97361E62733841C00E1175A /* ActivationRecord.swift */; };
		A97362042737696000E1175A /* Arrays.swift in Sources */ = {isa = PBXBuildFile; fileRef = A97362032737696000E1175A /* Arrays.swift */; };
		A982EDDC274890F60066E995 /* CompiladorUIApp.swift in Sources */ = {isa = PBXBuildFile; fileRef = A982EDCD274890F50066E995 /* CompiladorUIApp.swift */; };
		A982EDDD274890F60066E995 /* CompiladorUIApp.swift in Sources */ = {isa = PBXBuildFile; fileRef = A982EDCD274890F50066E995 /* CompiladorUIApp.swift */; };
		A982EDDE274890F60066E995 /* ContentView.swift in Sources */ = {isa = PBXBuildFile; fileRef = A982EDCE274890F50066E995 /* ContentView.swift */; };
		A982EDDF274890F60066E995 /* ContentView.swift in Sources */ = {isa = PBXBuildFile; fileRef = A982EDCE274890F50066E995 /* ContentView.swift */; };
		A982EDE0274890F60066E995 /* Assets.xcassets in Resources */ = {isa = PBXBuildFile; fileRef = A982EDCF274890F60066E995 /* Assets.xcassets */; };
		A982EDE1274890F60066E995 /* Assets.xcassets in Resources */ = {isa = PBXBuildFile; fileRef = A982EDCF274890F60066E995 /* Assets.xcassets */; };
		A982EE1527489A290066E995 /* VirtualMemory.swift in Sources */ = {isa = PBXBuildFile; fileRef = A9955AA2271A0EE100A5BC43 /* VirtualMemory.swift */; };
		A982EE1627489A2A0066E995 /* VirtualMemory.swift in Sources */ = {isa = PBXBuildFile; fileRef = A9955AA2271A0EE100A5BC43 /* VirtualMemory.swift */; };
		A982EE1727489A2C0066E995 /* VirtualMemoryBlock.swift in Sources */ = {isa = PBXBuildFile; fileRef = A9955AA4271A10A700A5BC43 /* VirtualMemoryBlock.swift */; };
		A982EE1827489A2D0066E995 /* VirtualMemoryBlock.swift in Sources */ = {isa = PBXBuildFile; fileRef = A9955AA4271A10A700A5BC43 /* VirtualMemoryBlock.swift */; };
		A982EE1B27489A470066E995 /* SegmentType.swift in Sources */ = {isa = PBXBuildFile; fileRef = A9955AA6271A119B00A5BC43 /* SegmentType.swift */; };
		A982EE1C27489A470066E995 /* SegmentType.swift in Sources */ = {isa = PBXBuildFile; fileRef = A9955AA6271A119B00A5BC43 /* SegmentType.swift */; };
		A982EE1D27489A490066E995 /* VirtualMachine.swift in Sources */ = {isa = PBXBuildFile; fileRef = A97361E4273383DE00E1175A /* VirtualMachine.swift */; };
		A982EE1E27489A4A0066E995 /* VirtualMachine.swift in Sources */ = {isa = PBXBuildFile; fileRef = A97361E4273383DE00E1175A /* VirtualMachine.swift */; };
		A982EE1F27489A4C0066E995 /* ActivationRecord.swift in Sources */ = {isa = PBXBuildFile; fileRef = A97361E62733841C00E1175A /* ActivationRecord.swift */; };
		A982EE2027489A4C0066E995 /* ActivationRecord.swift in Sources */ = {isa = PBXBuildFile; fileRef = A97361E62733841C00E1175A /* ActivationRecord.swift */; };
		A982EE2127489A4F0066E995 /* VirtualMemorySemantic.swift in Sources */ = {isa = PBXBuildFile; fileRef = A9955AAA271A5AA400A5BC43 /* VirtualMemorySemantic.swift */; };
		A982EE2227489A500066E995 /* VirtualMemorySemantic.swift in Sources */ = {isa = PBXBuildFile; fileRef = A9955AAA271A5AA400A5BC43 /* VirtualMemorySemantic.swift */; };
		A982EE2327489A520066E995 /* SemanticHandler.swift in Sources */ = {isa = PBXBuildFile; fileRef = A990DEA427162F3700C94528 /* SemanticHandler.swift */; };
		A982EE2427489A530066E995 /* SemanticHandler.swift in Sources */ = {isa = PBXBuildFile; fileRef = A990DEA427162F3700C94528 /* SemanticHandler.swift */; };
		A982EE2527489A560066E995 /* Quadruple.swift in Sources */ = {isa = PBXBuildFile; fileRef = A990DEA12715597400C94528 /* Quadruple.swift */; };
		A982EE2627489A560066E995 /* Quadruple.swift in Sources */ = {isa = PBXBuildFile; fileRef = A990DEA12715597400C94528 /* Quadruple.swift */; };
		A982EE2727489A580066E995 /* OperatorStack.swift in Sources */ = {isa = PBXBuildFile; fileRef = A990DEA62716395B00C94528 /* OperatorStack.swift */; };
		A982EE2827489A590066E995 /* OperatorStack.swift in Sources */ = {isa = PBXBuildFile; fileRef = A990DEA62716395B00C94528 /* OperatorStack.swift */; };
		A982EE2927489A5C0066E995 /* Type.swift in Sources */ = {isa = PBXBuildFile; fileRef = A990DE98270CE7D700C94528 /* Type.swift */; };
		A982EE2A27489A5C0066E995 /* Type.swift in Sources */ = {isa = PBXBuildFile; fileRef = A990DE98270CE7D700C94528 /* Type.swift */; };
		A982EE2B27489A5E0066E995 /* SymbolTable.swift in Sources */ = {isa = PBXBuildFile; fileRef = A990DE9A270CED6000C94528 /* SymbolTable.swift */; };
		A982EE2C27489A5F0066E995 /* SymbolTable.swift in Sources */ = {isa = PBXBuildFile; fileRef = A990DE9A270CED6000C94528 /* SymbolTable.swift */; };
		A982EE2D27489A610066E995 /* Operator.swift in Sources */ = {isa = PBXBuildFile; fileRef = A990DE9C270F779900C94528 /* Operator.swift */; };
		A982EE2E27489A620066E995 /* Operator.swift in Sources */ = {isa = PBXBuildFile; fileRef = A990DE9C270F779900C94528 /* Operator.swift */; };
		A982EE2F27489A640066E995 /* Kind.swift in Sources */ = {isa = PBXBuildFile; fileRef = A990DE9E2715593000C94528 /* Kind.swift */; };
		A982EE3027489A650066E995 /* Kind.swift in Sources */ = {isa = PBXBuildFile; fileRef = A990DE9E2715593000C94528 /* Kind.swift */; };
		A982EE3127489A680066E995 /* BooleanType.swift in Sources */ = {isa = PBXBuildFile; fileRef = A990DEA82716446700C94528 /* BooleanType.swift */; };
		A982EE3227489A680066E995 /* BooleanType.swift in Sources */ = {isa = PBXBuildFile; fileRef = A990DEA82716446700C94528 /* BooleanType.swift */; };
		A982EE3327489A6B0066E995 /* Arrays.swift in Sources */ = {isa = PBXBuildFile; fileRef = A97362032737696000E1175A /* Arrays.swift */; };
		A982EE3427489A6B0066E995 /* Arrays.swift in Sources */ = {isa = PBXBuildFile; fileRef = A97362032737696000E1175A /* Arrays.swift */; };
		A982EE3527489A890066E995 /* ReadFromFile.swift in Sources */ = {isa = PBXBuildFile; fileRef = A9FA5EA726FFBF5100425354 /* ReadFromFile.swift */; };
		A982EE3627489A8A0066E995 /* ReadFromFile.swift in Sources */ = {isa = PBXBuildFile; fileRef = A9FA5EA726FFBF5100425354 /* ReadFromFile.swift */; };
		A982EE3727489A900066E995 /* Queue.swift in Sources */ = {isa = PBXBuildFile; fileRef = A990DE8F270BC11800C94528 /* Queue.swift */; };
		A982EE3827489A900066E995 /* Queue.swift in Sources */ = {isa = PBXBuildFile; fileRef = A990DE8F270BC11800C94528 /* Queue.swift */; };
		A982EE3927489A920066E995 /* Stack.swift in Sources */ = {isa = PBXBuildFile; fileRef = A990DE91270BC12300C94528 /* Stack.swift */; };
		A982EE3A27489A930066E995 /* Stack.swift in Sources */ = {isa = PBXBuildFile; fileRef = A990DE91270BC12300C94528 /* Stack.swift */; };
		A982EE3B27489A950066E995 /* WriteFile.swift in Sources */ = {isa = PBXBuildFile; fileRef = A9955AC8271FC28100A5BC43 /* WriteFile.swift */; };
		A982EE3C27489A960066E995 /* WriteFile.swift in Sources */ = {isa = PBXBuildFile; fileRef = A9955AC8271FC28100A5BC43 /* WriteFile.swift */; };
		A982EE3D27489AAD0066E995 /* CompilerStream.swift in Sources */ = {isa = PBXBuildFile; fileRef = A930EA2426FFBB1E0062BE51 /* CompilerStream.swift */; };
		A982EE3E27489AAD0066E995 /* CompilerStream.swift in Sources */ = {isa = PBXBuildFile; fileRef = A930EA2426FFBB1E0062BE51 /* CompilerStream.swift */; };
		A982EE3F27489AB00066E995 /* CompilerErrorDelegate.swift in Sources */ = {isa = PBXBuildFile; fileRef = A930EA2326FFBB1E0062BE51 /* CompilerErrorDelegate.swift */; };
		A982EE4027489AB00066E995 /* CompilerErrorDelegate.swift in Sources */ = {isa = PBXBuildFile; fileRef = A930EA2326FFBB1E0062BE51 /* CompilerErrorDelegate.swift */; };
		A982EE4127489AB50066E995 /* OCFileInput.swift in Sources */ = {isa = PBXBuildFile; fileRef = A930EA2026FFBB1E0062BE51 /* OCFileInput.swift */; };
		A982EE4227489AB50066E995 /* OCFileInput.swift in Sources */ = {isa = PBXBuildFile; fileRef = A930EA2026FFBB1E0062BE51 /* OCFileInput.swift */; };
		A982EE5B27489F7A0066E995 /* OCLexInput.swift in Sources */ = {isa = PBXBuildFile; fileRef = A982EE5A27489F7A0066E995 /* OCLexInput.swift */; };
		A982EE5C27489F7A0066E995 /* OCLexInput.swift in Sources */ = {isa = PBXBuildFile; fileRef = A982EE5A27489F7A0066E995 /* OCLexInput.swift */; };
		A982EE652748E6090066E995 /* TextFile.swift in Sources */ = {isa = PBXBuildFile; fileRef = A982EE642748E6090066E995 /* TextFile.swift */; };
		A982EE662748E6090066E995 /* TextFile.swift in Sources */ = {isa = PBXBuildFile; fileRef = A982EE642748E6090066E995 /* TextFile.swift */; };
		A982EE682748E62F0066E995 /* SideBar.swift in Sources */ = {isa = PBXBuildFile; fileRef = A982EE672748E62F0066E995 /* SideBar.swift */; };
		A982EE692748E62F0066E995 /* SideBar.swift in Sources */ = {isa = PBXBuildFile; fileRef = A982EE672748E62F0066E995 /* SideBar.swift */; };
		A982EE6B2748E6400066E995 /* PrimaryView.swift in Sources */ = {isa = PBXBuildFile; fileRef = A982EE6A2748E6400066E995 /* PrimaryView.swift */; };
		A982EE6C2748E6400066E995 /* PrimaryView.swift in Sources */ = {isa = PBXBuildFile; fileRef = A982EE6A2748E6400066E995 /* PrimaryView.swift */; };
		A982EE6E2748E6570066E995 /* DetailView.swift in Sources */ = {isa = PBXBuildFile; fileRef = A982EE6D2748E6570066E995 /* DetailView.swift */; };
		A982EE6F2748E6570066E995 /* DetailView.swift in Sources */ = {isa = PBXBuildFile; fileRef = A982EE6D2748E6570066E995 /* DetailView.swift */; };
		A982EE712748E6730066E995 /* EditorView.swift in Sources */ = {isa = PBXBuildFile; fileRef = A982EE702748E6730066E995 /* EditorView.swift */; };
		A982EE722748E6730066E995 /* EditorView.swift in Sources */ = {isa = PBXBuildFile; fileRef = A982EE702748E6730066E995 /* EditorView.swift */; };
		A982EE792749D4410066E995 /* swift.png in Resources */ = {isa = PBXBuildFile; fileRef = A982EE782749D4410066E995 /* swift.png */; };
		A982EE7A2749D4410066E995 /* swift.png in Resources */ = {isa = PBXBuildFile; fileRef = A982EE782749D4410066E995 /* swift.png */; };
		A990DE8E270BC0DE00C94528 /* useOfStacksAndQueues.swift in Sources */ = {isa = PBXBuildFile; fileRef = A990DE8D270BC0DE00C94528 /* useOfStacksAndQueues.swift */; };
		A990DE90270BC11800C94528 /* Queue.swift in Sources */ = {isa = PBXBuildFile; fileRef = A990DE8F270BC11800C94528 /* Queue.swift */; };
		A990DE92270BC12300C94528 /* Stack.swift in Sources */ = {isa = PBXBuildFile; fileRef = A990DE91270BC12300C94528 /* Stack.swift */; };
		A990DE99270CE7D700C94528 /* Type.swift in Sources */ = {isa = PBXBuildFile; fileRef = A990DE98270CE7D700C94528 /* Type.swift */; };
		A990DE9B270CED6000C94528 /* SymbolTable.swift in Sources */ = {isa = PBXBuildFile; fileRef = A990DE9A270CED6000C94528 /* SymbolTable.swift */; };
		A990DE9D270F779900C94528 /* Operator.swift in Sources */ = {isa = PBXBuildFile; fileRef = A990DE9C270F779900C94528 /* Operator.swift */; };
		A990DE9F2715593000C94528 /* Kind.swift in Sources */ = {isa = PBXBuildFile; fileRef = A990DE9E2715593000C94528 /* Kind.swift */; };
		A990DEA22715597400C94528 /* Quadruple.swift in Sources */ = {isa = PBXBuildFile; fileRef = A990DEA12715597400C94528 /* Quadruple.swift */; };
		A990DEA527162F3700C94528 /* SemanticHandler.swift in Sources */ = {isa = PBXBuildFile; fileRef = A990DEA427162F3700C94528 /* SemanticHandler.swift */; };
		A990DEA72716395B00C94528 /* OperatorStack.swift in Sources */ = {isa = PBXBuildFile; fileRef = A990DEA62716395B00C94528 /* OperatorStack.swift */; };
		A990DEA92716446700C94528 /* BooleanType.swift in Sources */ = {isa = PBXBuildFile; fileRef = A990DEA82716446700C94528 /* BooleanType.swift */; };
		A9955AA3271A0EE100A5BC43 /* VirtualMemory.swift in Sources */ = {isa = PBXBuildFile; fileRef = A9955AA2271A0EE100A5BC43 /* VirtualMemory.swift */; };
		A9955AA5271A10A700A5BC43 /* VirtualMemoryBlock.swift in Sources */ = {isa = PBXBuildFile; fileRef = A9955AA4271A10A700A5BC43 /* VirtualMemoryBlock.swift */; };
		A9955AA7271A119B00A5BC43 /* SegmentType.swift in Sources */ = {isa = PBXBuildFile; fileRef = A9955AA6271A119B00A5BC43 /* SegmentType.swift */; };
		A9955AAB271A5AA400A5BC43 /* VirtualMemorySemantic.swift in Sources */ = {isa = PBXBuildFile; fileRef = A9955AAA271A5AA400A5BC43 /* VirtualMemorySemantic.swift */; };
		A9955AC9271FC28100A5BC43 /* WriteFile.swift in Sources */ = {isa = PBXBuildFile; fileRef = A9955AC8271FC28100A5BC43 /* WriteFile.swift */; };
		A9FA5EA826FFBF5100425354 /* ReadFromFile.swift in Sources */ = {isa = PBXBuildFile; fileRef = A9FA5EA726FFBF5100425354 /* ReadFromFile.swift */; };
		F9D399EE274C362E00DECCB9 /* manual.json in Resources */ = {isa = PBXBuildFile; fileRef = F9D399ED274C362E00DECCB9 /* manual.json */; };
		F9D399EF274C362E00DECCB9 /* manual.json in Resources */ = {isa = PBXBuildFile; fileRef = F9D399ED274C362E00DECCB9 /* manual.json */; };
/* End PBXBuildFile section */

/* Begin PBXBuildRule section */
		A930EA1A26FFBA1D0062BE51 /* PBXBuildRule */ = {
			isa = PBXBuildRule;
			compilerSpec = com.apple.compilers.proxy.script;
			fileType = sourcecode.yacc;
			inputFiles = (
			);
			isEditable = 1;
			outputFiles = (
				"$(DERIVED_FILE_DIR)/$(INPUT_FILE_BASE).swift",
			);
			script = "/usr/local/bin/ocyacc -l swift -o \"$DERIVED_SOURCES_DIR/$INPUT_FILE_BASE\" \"$INPUT_FILE_PATH\"\n";
		};
		A930EA1B26FFBA920062BE51 /* PBXBuildRule */ = {
			isa = PBXBuildRule;
			compilerSpec = com.apple.compilers.proxy.script;
			fileType = sourcecode.lex;
			inputFiles = (
			);
			isEditable = 1;
			outputFiles = (
				"$DERIVED_SOURCES_DIR/$(INPUT_FILE_BASE).swift",
			);
			script = "/usr/local/bin/oclex -l swift -o \"$DERIVED_SOURCES_DIR/$INPUT_FILE_BASE\" \"$INPUT_FILE_PATH\"\n\n";
		};
		A982EE0D274898E40066E995 /* PBXBuildRule */ = {
			isa = PBXBuildRule;
			compilerSpec = com.apple.compilers.proxy.script;
			fileType = sourcecode.lex;
			inputFiles = (
			);
			isEditable = 1;
			outputFiles = (
				"$DERIVED_SOURCES_DIR/$(INPUT_FILE_BASE).swift",
			);
			script = "# Type a script or drag a script file from your workspace to insert its path.\n/usr/local/bin/oclex -l swift -o \"$DERIVED_SOURCES_DIR/$INPUT_FILE_BASE\" \"$INPUT_FILE_PATH\"\n";
		};
		A982EE0E2748991D0066E995 /* PBXBuildRule */ = {
			isa = PBXBuildRule;
			compilerSpec = com.apple.compilers.proxy.script;
			fileType = sourcecode.yacc;
			inputFiles = (
			);
			isEditable = 1;
			outputFiles = (
				"$(DERIVED_FILE_DIR)/$(INPUT_FILE_BASE).swift",
			);
			script = "# Type a script or drag a script file from your workspace to insert its path.\n/usr/local/bin/ocyacc -l swift -o \"$DERIVED_SOURCES_DIR/$INPUT_FILE_BASE\" \"$INPUT_FILE_PATH\"\n";
		};
/* End PBXBuildRule section */

/* Begin PBXCopyFilesBuildPhase section */
		A930EA0E26FFB9E10062BE51 /* CopyFiles */ = {
			isa = PBXCopyFilesBuildPhase;
			buildActionMask = 2147483647;
			dstPath = /usr/share/man/man1/;
			dstSubfolderSpec = 0;
			files = (
			);
			runOnlyForDeploymentPostprocessing = 1;
		};
/* End PBXCopyFilesBuildPhase section */

/* Begin PBXFileReference section */
		313FBE6A2724992E00A5BA1D /* outputCompilador.txt */ = {isa = PBXFileReference; lastKnownFileType = text; path = outputCompilador.txt; sourceTree = "<group>"; };
		A90B3200274DB01600D0F0A3 /* matrixMulti.aj */ = {isa = PBXFileReference; fileEncoding = 4; lastKnownFileType = text; path = matrixMulti.aj; sourceTree = "<group>"; };
		A90B3201274E050000D0F0A3 /* SemanticCube.swift */ = {isa = PBXFileReference; lastKnownFileType = sourcecode.swift; path = SemanticCube.swift; sourceTree = "<group>"; };
		A930EA1026FFB9E10062BE51 /* Compilador */ = {isa = PBXFileReference; explicitFileType = "compiled.mach-o.executable"; includeInIndex = 0; path = Compilador; sourceTree = BUILT_PRODUCTS_DIR; };
		A930EA1326FFB9E10062BE51 /* main.swift */ = {isa = PBXFileReference; lastKnownFileType = sourcecode.swift; path = main.swift; sourceTree = "<group>"; };
		A930EA2026FFBB1E0062BE51 /* OCFileInput.swift */ = {isa = PBXFileReference; fileEncoding = 4; lastKnownFileType = sourcecode.swift; path = OCFileInput.swift; sourceTree = "<group>"; };
		A930EA2226FFBB1E0062BE51 /* OCLexInput.swift */ = {isa = PBXFileReference; fileEncoding = 4; lastKnownFileType = sourcecode.swift; path = OCLexInput.swift; sourceTree = "<group>"; };
		A930EA2326FFBB1E0062BE51 /* CompilerErrorDelegate.swift */ = {isa = PBXFileReference; fileEncoding = 4; lastKnownFileType = sourcecode.swift; path = CompilerErrorDelegate.swift; sourceTree = "<group>"; };
		A930EA2426FFBB1E0062BE51 /* CompilerStream.swift */ = {isa = PBXFileReference; fileEncoding = 4; lastKnownFileType = sourcecode.swift; path = CompilerStream.swift; sourceTree = "<group>"; };
		A930EA2A26FFBB260062BE51 /* CompilerLex.l */ = {isa = PBXFileReference; fileEncoding = 4; lastKnownFileType = sourcecode.lex; path = CompilerLex.l; sourceTree = "<group>"; };
		A930EA2B26FFBB260062BE51 /* CompilerParser.y */ = {isa = PBXFileReference; fileEncoding = 4; lastKnownFileType = sourcecode.yacc; path = CompilerParser.y; sourceTree = "<group>"; xcLanguageSpecificationIdentifier = xcode.lang.yacc; };
		A94A1722274317E400B84449 /* fibonnacci.aj */ = {isa = PBXFileReference; lastKnownFileType = text; path = fibonnacci.aj; sourceTree = "<group>"; xcLanguageSpecificationIdentifier = xcode.lang.swift; };
		A94A17232743801E00B84449 /* fibonacciRecursive.aj */ = {isa = PBXFileReference; lastKnownFileType = text; path = fibonacciRecursive.aj; sourceTree = "<group>"; xcLanguageSpecificationIdentifier = xcode.lang.swift; };
		A94E3F4B274C155700B5A8E2 /* find */ = {isa = PBXFileReference; lastKnownFileType = text; path = find; sourceTree = "<group>"; };
		A94E3F53274C29F100B5A8E2 /* Compilador-Swift.h */ = {isa = PBXFileReference; fileEncoding = 4; lastKnownFileType = sourcecode.c.h; path = "Compilador-Swift.h"; sourceTree = "<group>"; };
		A94E3F54274C29F100B5A8E2 /* CompilerParser.swift */ = {isa = PBXFileReference; fileEncoding = 4; lastKnownFileType = sourcecode.swift; path = CompilerParser.swift; sourceTree = "<group>"; };
		A94E3F55274C29F100B5A8E2 /* CompilerLex.swift */ = {isa = PBXFileReference; fileEncoding = 4; lastKnownFileType = sourcecode.swift; path = CompilerLex.swift; sourceTree = "<group>"; };
		A94E3F5A274C2DB300B5A8E2 /* matrix */ = {isa = PBXFileReference; lastKnownFileType = text; path = matrix; sourceTree = "<group>"; };
		A94E3F5E274C440C00B5A8E2 /* Icon_2.icns */ = {isa = PBXFileReference; lastKnownFileType = image.icns; path = Icon_2.icns; sourceTree = "<group>"; };
		A94E3F61274C4A6E00B5A8E2 /* catalanNumber.aj */ = {isa = PBXFileReference; fileEncoding = 4; lastKnownFileType = text; path = catalanNumber.aj; sourceTree = "<group>"; xcLanguageSpecificationIdentifier = xcode.lang.swift; };
		A94E3F62274C4A6E00B5A8E2 /* func.aj */ = {isa = PBXFileReference; fileEncoding = 4; lastKnownFileType = text; path = func.aj; sourceTree = "<group>"; };
		A94E3F63274C4A6E00B5A8E2 /* fibonnacci.aj */ = {isa = PBXFileReference; fileEncoding = 4; lastKnownFileType = text; path = fibonnacci.aj; sourceTree = "<group>"; };
		A94E3F64274C4A6E00B5A8E2 /* find */ = {isa = PBXFileReference; fileEncoding = 4; lastKnownFileType = text; path = find; sourceTree = "<group>"; };
		A94E3F65274C4A6E00B5A8E2 /* matrix */ = {isa = PBXFileReference; fileEncoding = 4; lastKnownFileType = text; path = matrix; sourceTree = "<group>"; };
		A94E3F66274C4A6E00B5A8E2 /* smallest.aj */ = {isa = PBXFileReference; fileEncoding = 4; lastKnownFileType = text; path = smallest.aj; sourceTree = "<group>"; };
		A94E3F67274C4A6E00B5A8E2 /* bubbleSort.aj */ = {isa = PBXFileReference; fileEncoding = 4; lastKnownFileType = text; path = bubbleSort.aj; sourceTree = "<group>"; };
		A94E3F68274C4A6F00B5A8E2 /* fibonacciRecursive.aj */ = {isa = PBXFileReference; fileEncoding = 4; lastKnownFileType = text; path = fibonacciRecursive.aj; sourceTree = "<group>"; };
		A96CA89527445082008E2FEE /* bubbleSort.aj */ = {isa = PBXFileReference; lastKnownFileType = text; path = bubbleSort.aj; sourceTree = "<group>"; xcLanguageSpecificationIdentifier = xcode.lang.swift; };
		A97361E4273383DE00E1175A /* VirtualMachine.swift */ = {isa = PBXFileReference; lastKnownFileType = sourcecode.swift; path = VirtualMachine.swift; sourceTree = "<group>"; };
		A97361E62733841C00E1175A /* ActivationRecord.swift */ = {isa = PBXFileReference; lastKnownFileType = sourcecode.swift; path = ActivationRecord.swift; sourceTree = "<group>"; };
		A97362032737696000E1175A /* Arrays.swift */ = {isa = PBXFileReference; lastKnownFileType = sourcecode.swift; path = Arrays.swift; sourceTree = "<group>"; };
		A981CED72744DE17004CB1E1 /* smallest.aj */ = {isa = PBXFileReference; lastKnownFileType = text; path = smallest.aj; sourceTree = "<group>"; xcLanguageSpecificationIdentifier = xcode.lang.swift; };
		A981CED82744E269004CB1E1 /* catalanNumber.aj */ = {isa = PBXFileReference; explicitFileType = text; path = catalanNumber.aj; sourceTree = "<group>"; xcLanguageSpecificationIdentifier = xcode.lang.swift; };
		A981CED92745C0D0004CB1E1 /* func.aj */ = {isa = PBXFileReference; lastKnownFileType = text; path = func.aj; sourceTree = "<group>"; xcLanguageSpecificationIdentifier = xcode.lang.swift; };
		A982EDCD274890F50066E995 /* CompiladorUIApp.swift */ = {isa = PBXFileReference; lastKnownFileType = sourcecode.swift; path = CompiladorUIApp.swift; sourceTree = "<group>"; };
		A982EDCE274890F50066E995 /* ContentView.swift */ = {isa = PBXFileReference; lastKnownFileType = sourcecode.swift; path = ContentView.swift; sourceTree = "<group>"; };
		A982EDCF274890F60066E995 /* Assets.xcassets */ = {isa = PBXFileReference; lastKnownFileType = folder.assetcatalog; path = Assets.xcassets; sourceTree = "<group>"; };
		A982EDD4274890F60066E995 /* CompiladorUI.app */ = {isa = PBXFileReference; explicitFileType = wrapper.application; includeInIndex = 0; path = CompiladorUI.app; sourceTree = BUILT_PRODUCTS_DIR; };
		A982EDD9274890F60066E995 /* CompiladorUI.app */ = {isa = PBXFileReference; explicitFileType = wrapper.application; includeInIndex = 0; path = CompiladorUI.app; sourceTree = BUILT_PRODUCTS_DIR; };
		A982EDDB274890F60066E995 /* macOS.entitlements */ = {isa = PBXFileReference; lastKnownFileType = text.plist.entitlements; path = macOS.entitlements; sourceTree = "<group>"; };
		A982EE5A27489F7A0066E995 /* OCLexInput.swift */ = {isa = PBXFileReference; fileEncoding = 4; lastKnownFileType = sourcecode.swift; name = OCLexInput.swift; path = Compilador/Lexer/OCLexInput.swift; sourceTree = SOURCE_ROOT; };
		A982EE642748E6090066E995 /* TextFile.swift */ = {isa = PBXFileReference; lastKnownFileType = sourcecode.swift; path = TextFile.swift; sourceTree = "<group>"; };
		A982EE672748E62F0066E995 /* SideBar.swift */ = {isa = PBXFileReference; lastKnownFileType = sourcecode.swift; path = SideBar.swift; sourceTree = "<group>"; };
		A982EE6A2748E6400066E995 /* PrimaryView.swift */ = {isa = PBXFileReference; lastKnownFileType = sourcecode.swift; path = PrimaryView.swift; sourceTree = "<group>"; };
		A982EE6D2748E6570066E995 /* DetailView.swift */ = {isa = PBXFileReference; lastKnownFileType = sourcecode.swift; path = DetailView.swift; sourceTree = "<group>"; };
		A982EE702748E6730066E995 /* EditorView.swift */ = {isa = PBXFileReference; lastKnownFileType = sourcecode.swift; path = EditorView.swift; sourceTree = "<group>"; };
		A982EE762749D07D0066E995 /* CompiladorUI--macOS--Info.plist */ = {isa = PBXFileReference; lastKnownFileType = text.plist; path = "CompiladorUI--macOS--Info.plist"; sourceTree = "<group>"; };
		A982EE772749D3D60066E995 /* CompiladorUI--iOS--Info.plist */ = {isa = PBXFileReference; lastKnownFileType = text.plist; path = "CompiladorUI--iOS--Info.plist"; sourceTree = "<group>"; };
		A982EE782749D4410066E995 /* swift.png */ = {isa = PBXFileReference; lastKnownFileType = image.png; path = swift.png; sourceTree = "<group>"; };
		A990DE3F27095A3900C94528 /* diagramas.pdf */ = {isa = PBXFileReference; lastKnownFileType = image.pdf; path = diagramas.pdf; sourceTree = "<group>"; };
		A990DE8D270BC0DE00C94528 /* useOfStacksAndQueues.swift */ = {isa = PBXFileReference; fileEncoding = 4; lastKnownFileType = sourcecode.swift; path = useOfStacksAndQueues.swift; sourceTree = "<group>"; };
		A990DE8F270BC11800C94528 /* Queue.swift */ = {isa = PBXFileReference; lastKnownFileType = sourcecode.swift; path = Queue.swift; sourceTree = "<group>"; };
		A990DE91270BC12300C94528 /* Stack.swift */ = {isa = PBXFileReference; lastKnownFileType = sourcecode.swift; path = Stack.swift; sourceTree = "<group>"; };
		A990DE98270CE7D700C94528 /* Type.swift */ = {isa = PBXFileReference; lastKnownFileType = sourcecode.swift; path = Type.swift; sourceTree = "<group>"; };
		A990DE9A270CED6000C94528 /* SymbolTable.swift */ = {isa = PBXFileReference; lastKnownFileType = sourcecode.swift; path = SymbolTable.swift; sourceTree = "<group>"; };
		A990DE9C270F779900C94528 /* Operator.swift */ = {isa = PBXFileReference; lastKnownFileType = sourcecode.swift; path = Operator.swift; sourceTree = "<group>"; };
		A990DE9E2715593000C94528 /* Kind.swift */ = {isa = PBXFileReference; lastKnownFileType = sourcecode.swift; path = Kind.swift; sourceTree = "<group>"; };
		A990DEA12715597400C94528 /* Quadruple.swift */ = {isa = PBXFileReference; lastKnownFileType = sourcecode.swift; path = Quadruple.swift; sourceTree = "<group>"; };
		A990DEA427162F3700C94528 /* SemanticHandler.swift */ = {isa = PBXFileReference; lastKnownFileType = sourcecode.swift; path = SemanticHandler.swift; sourceTree = "<group>"; };
		A990DEA62716395B00C94528 /* OperatorStack.swift */ = {isa = PBXFileReference; lastKnownFileType = sourcecode.swift; path = OperatorStack.swift; sourceTree = "<group>"; };
		A990DEA82716446700C94528 /* BooleanType.swift */ = {isa = PBXFileReference; lastKnownFileType = sourcecode.swift; path = BooleanType.swift; sourceTree = "<group>"; };
		A9955AA2271A0EE100A5BC43 /* VirtualMemory.swift */ = {isa = PBXFileReference; lastKnownFileType = sourcecode.swift; path = VirtualMemory.swift; sourceTree = "<group>"; };
		A9955AA4271A10A700A5BC43 /* VirtualMemoryBlock.swift */ = {isa = PBXFileReference; lastKnownFileType = sourcecode.swift; path = VirtualMemoryBlock.swift; sourceTree = "<group>"; };
		A9955AA6271A119B00A5BC43 /* SegmentType.swift */ = {isa = PBXFileReference; lastKnownFileType = sourcecode.swift; path = SegmentType.swift; sourceTree = "<group>"; };
		A9955AAA271A5AA400A5BC43 /* VirtualMemorySemantic.swift */ = {isa = PBXFileReference; lastKnownFileType = sourcecode.swift; path = VirtualMemorySemantic.swift; sourceTree = "<group>"; };
		A9955AC8271FC28100A5BC43 /* WriteFile.swift */ = {isa = PBXFileReference; lastKnownFileType = sourcecode.swift; path = WriteFile.swift; sourceTree = "<group>"; };
		A9955ADD2724920700A5BC43 /* outputCompilador.txt */ = {isa = PBXFileReference; fileEncoding = 4; lastKnownFileType = text; path = outputCompilador.txt; sourceTree = "<group>"; };
		A9FA5EA726FFBF5100425354 /* ReadFromFile.swift */ = {isa = PBXFileReference; lastKnownFileType = sourcecode.swift; path = ReadFromFile.swift; sourceTree = "<group>"; };
		A9FA5EA926FFBF9D00425354 /* test.test */ = {isa = PBXFileReference; lastKnownFileType = text; path = test.test; sourceTree = "<group>"; xcLanguageSpecificationIdentifier = xcode.lang.swift; };
		F9D399ED274C362E00DECCB9 /* manual.json */ = {isa = PBXFileReference; lastKnownFileType = text.json; path = manual.json; sourceTree = "<group>"; };
/* End PBXFileReference section */

/* Begin PBXFrameworksBuildPhase section */
		A930EA0D26FFB9E10062BE51 /* Frameworks */ = {
			isa = PBXFrameworksBuildPhase;
			buildActionMask = 2147483647;
			files = (
			);
			runOnlyForDeploymentPostprocessing = 0;
		};
		A982EDD1274890F60066E995 /* Frameworks */ = {
			isa = PBXFrameworksBuildPhase;
			buildActionMask = 2147483647;
			files = (
			);
			runOnlyForDeploymentPostprocessing = 0;
		};
		A982EDD6274890F60066E995 /* Frameworks */ = {
			isa = PBXFrameworksBuildPhase;
			buildActionMask = 2147483647;
			files = (
			);
			runOnlyForDeploymentPostprocessing = 0;
		};
/* End PBXFrameworksBuildPhase section */

/* Begin PBXGroup section */
		A930EA0726FFB9E10062BE51 = {
			isa = PBXGroup;
			children = (
				A982EE772749D3D60066E995 /* CompiladorUI--iOS--Info.plist */,
				A982EE762749D07D0066E995 /* CompiladorUI--macOS--Info.plist */,
				A930EA1226FFB9E10062BE51 /* Compilador */,
				A982EDCC274890F50066E995 /* Shared */,
				A982EDDA274890F60066E995 /* macOS */,
				A930EA1126FFB9E10062BE51 /* Products */,
			);
			sourceTree = "<group>";
		};
		A930EA1126FFB9E10062BE51 /* Products */ = {
			isa = PBXGroup;
			children = (
				A930EA1026FFB9E10062BE51 /* Compilador */,
				A982EDD4274890F60066E995 /* CompiladorUI.app */,
				A982EDD9274890F60066E995 /* CompiladorUI.app */,
			);
			name = Products;
			sourceTree = "<group>";
		};
		A930EA1226FFB9E10062BE51 /* Compilador */ = {
			isa = PBXGroup;
			children = (
				A9955ADD2724920700A5BC43 /* outputCompilador.txt */,
				A94E3F67274C4A6E00B5A8E2 /* bubbleSort.aj */,
				A94E3F61274C4A6E00B5A8E2 /* catalanNumber.aj */,
				A94E3F68274C4A6F00B5A8E2 /* fibonacciRecursive.aj */,
				A94E3F63274C4A6E00B5A8E2 /* fibonnacci.aj */,
				A90B3200274DB01600D0F0A3 /* matrixMulti.aj */,
				A94E3F64274C4A6E00B5A8E2 /* find */,
				A94E3F62274C4A6E00B5A8E2 /* func.aj */,
				A94E3F65274C4A6E00B5A8E2 /* matrix */,
				A94E3F66274C4A6E00B5A8E2 /* smallest.aj */,
				A9955AA1271A0ED100A5BC43 /* VirtualMachine */,
				A990DEA327162F2700C94528 /* Semantic */,
				A990DEA02715596700C94528 /* Cuadruples */,
				A990DE93270CE74900C94528 /* Symbols */,
				A9FA5EA626FFBF3C00425354 /* Helper */,
				A9FA5EA526FFBF0400425354 /* Utils */,
				A9FA5EA426FFBEFA00425354 /* Lexer */,
				A9FA5EA326FFBEF400425354 /* Parser */,
				A930EA1326FFB9E10062BE51 /* main.swift */,
				A9FA5EA926FFBF9D00425354 /* test.test */,
				A990DE3F27095A3900C94528 /* diagramas.pdf */,
				313FBE6A2724992E00A5BA1D /* outputCompilador.txt */,
				A94A1722274317E400B84449 /* fibonnacci.aj */,
				A94A17232743801E00B84449 /* fibonacciRecursive.aj */,
				A96CA89527445082008E2FEE /* bubbleSort.aj */,
				A981CED72744DE17004CB1E1 /* smallest.aj */,
				A981CED82744E269004CB1E1 /* catalanNumber.aj */,
				A981CED92745C0D0004CB1E1 /* func.aj */,
				A94E3F4B274C155700B5A8E2 /* find */,
				A94E3F5A274C2DB300B5A8E2 /* matrix */,
			);
			path = Compilador;
			sourceTree = "<group>";
		};
		A982EDCC274890F50066E995 /* Shared */ = {
			isa = PBXGroup;
			children = (
				F9D399ED274C362E00DECCB9 /* manual.json */,
				A982EE782749D4410066E995 /* swift.png */,
				A94E3F53274C29F100B5A8E2 /* Compilador-Swift.h */,
				A94E3F55274C29F100B5A8E2 /* CompilerLex.swift */,
				A94E3F5E274C440C00B5A8E2 /* Icon_2.icns */,
				A94E3F54274C29F100B5A8E2 /* CompilerParser.swift */,
				A982EE5A27489F7A0066E995 /* OCLexInput.swift */,
				A982EDCD274890F50066E995 /* CompiladorUIApp.swift */,
				A982EDCE274890F50066E995 /* ContentView.swift */,
				A982EDCF274890F60066E995 /* Assets.xcassets */,
				A982EE642748E6090066E995 /* TextFile.swift */,
				A982EE672748E62F0066E995 /* SideBar.swift */,
				A982EE6A2748E6400066E995 /* PrimaryView.swift */,
				A982EE6D2748E6570066E995 /* DetailView.swift */,
				A982EE702748E6730066E995 /* EditorView.swift */,
			);
			path = Shared;
			sourceTree = "<group>";
		};
		A982EDDA274890F60066E995 /* macOS */ = {
			isa = PBXGroup;
			children = (
				A982EDDB274890F60066E995 /* macOS.entitlements */,
			);
			path = macOS;
			sourceTree = "<group>";
		};
		A990DE93270CE74900C94528 /* Symbols */ = {
			isa = PBXGroup;
			children = (
				A990DE98270CE7D700C94528 /* Type.swift */,
				A990DE9A270CED6000C94528 /* SymbolTable.swift */,
				A990DE9C270F779900C94528 /* Operator.swift */,
				A990DE9E2715593000C94528 /* Kind.swift */,
				A990DEA82716446700C94528 /* BooleanType.swift */,
				A97362032737696000E1175A /* Arrays.swift */,
			);
			path = Symbols;
			sourceTree = "<group>";
		};
		A990DEA02715596700C94528 /* Cuadruples */ = {
			isa = PBXGroup;
			children = (
				A990DEA12715597400C94528 /* Quadruple.swift */,
				A990DEA62716395B00C94528 /* OperatorStack.swift */,
			);
			path = Cuadruples;
			sourceTree = "<group>";
		};
		A990DEA327162F2700C94528 /* Semantic */ = {
			isa = PBXGroup;
			children = (
				A9955AA9271A5A8600A5BC43 /* VirtualMemory */,
				A990DEA427162F3700C94528 /* SemanticHandler.swift */,
				A90B3201274E050000D0F0A3 /* SemanticCube.swift */,
			);
			path = Semantic;
			sourceTree = "<group>";
		};
		A9955AA1271A0ED100A5BC43 /* VirtualMachine */ = {
			isa = PBXGroup;
			children = (
				A9955AA2271A0EE100A5BC43 /* VirtualMemory.swift */,
				A9955AA4271A10A700A5BC43 /* VirtualMemoryBlock.swift */,
				A9955AA6271A119B00A5BC43 /* SegmentType.swift */,
				A97361E4273383DE00E1175A /* VirtualMachine.swift */,
				A97361E62733841C00E1175A /* ActivationRecord.swift */,
			);
			path = VirtualMachine;
			sourceTree = "<group>";
		};
		A9955AA9271A5A8600A5BC43 /* VirtualMemory */ = {
			isa = PBXGroup;
			children = (
				A9955AAA271A5AA400A5BC43 /* VirtualMemorySemantic.swift */,
			);
			path = VirtualMemory;
			sourceTree = "<group>";
		};
		A9FA5EA326FFBEF400425354 /* Parser */ = {
			isa = PBXGroup;
			children = (
				A930EA2B26FFBB260062BE51 /* CompilerParser.y */,
			);
			path = Parser;
			sourceTree = "<group>";
		};
		A9FA5EA426FFBEFA00425354 /* Lexer */ = {
			isa = PBXGroup;
			children = (
				A930EA2A26FFBB260062BE51 /* CompilerLex.l */,
				A930EA2026FFBB1E0062BE51 /* OCFileInput.swift */,
				A930EA2226FFBB1E0062BE51 /* OCLexInput.swift */,
			);
			path = Lexer;
			sourceTree = "<group>";
		};
		A9FA5EA526FFBF0400425354 /* Utils */ = {
			isa = PBXGroup;
			children = (
				A930EA2426FFBB1E0062BE51 /* CompilerStream.swift */,
				A930EA2326FFBB1E0062BE51 /* CompilerErrorDelegate.swift */,
			);
			path = Utils;
			sourceTree = "<group>";
		};
		A9FA5EA626FFBF3C00425354 /* Helper */ = {
			isa = PBXGroup;
			children = (
				A990DE8D270BC0DE00C94528 /* useOfStacksAndQueues.swift */,
				A9FA5EA726FFBF5100425354 /* ReadFromFile.swift */,
				A990DE8F270BC11800C94528 /* Queue.swift */,
				A990DE91270BC12300C94528 /* Stack.swift */,
				A9955AC8271FC28100A5BC43 /* WriteFile.swift */,
			);
			path = Helper;
			sourceTree = "<group>";
		};
/* End PBXGroup section */

/* Begin PBXNativeTarget section */
		A930EA0F26FFB9E10062BE51 /* Compilador */ = {
			isa = PBXNativeTarget;
			buildConfigurationList = A930EA1726FFB9E10062BE51 /* Build configuration list for PBXNativeTarget "Compilador" */;
			buildPhases = (
				A930EA0C26FFB9E10062BE51 /* Sources */,
				A930EA0D26FFB9E10062BE51 /* Frameworks */,
				A930EA0E26FFB9E10062BE51 /* CopyFiles */,
				A9955AC7271FAB8500A5BC43 /* ShellScript */,
			);
			buildRules = (
				A930EA1B26FFBA920062BE51 /* PBXBuildRule */,
				A930EA1A26FFBA1D0062BE51 /* PBXBuildRule */,
			);
			dependencies = (
			);
			name = Compilador;
			productName = Compilador;
			productReference = A930EA1026FFB9E10062BE51 /* Compilador */;
			productType = "com.apple.product-type.tool";
		};
		A982EDD3274890F60066E995 /* CompiladorUI (iOS) */ = {
			isa = PBXNativeTarget;
			buildConfigurationList = A982EDE6274890F60066E995 /* Build configuration list for PBXNativeTarget "CompiladorUI (iOS)" */;
			buildPhases = (
				A982EDD0274890F60066E995 /* Sources */,
				A982EDD1274890F60066E995 /* Frameworks */,
				A982EDD2274890F60066E995 /* Resources */,
			);
			buildRules = (
			);
			dependencies = (
			);
			name = "CompiladorUI (iOS)";
			productName = "CompiladorUI (iOS)";
			productReference = A982EDD4274890F60066E995 /* CompiladorUI.app */;
			productType = "com.apple.product-type.application";
		};
		A982EDD8274890F60066E995 /* CompiladorUI (macOS) */ = {
			isa = PBXNativeTarget;
			buildConfigurationList = A982EDE7274890F60066E995 /* Build configuration list for PBXNativeTarget "CompiladorUI (macOS)" */;
			buildPhases = (
				A982EDD5274890F60066E995 /* Sources */,
				A982EDD6274890F60066E995 /* Frameworks */,
				A982EDD7274890F60066E995 /* Resources */,
			);
			buildRules = (
				A982EE0E2748991D0066E995 /* PBXBuildRule */,
				A982EE0D274898E40066E995 /* PBXBuildRule */,
			);
			dependencies = (
			);
			name = "CompiladorUI (macOS)";
			productName = "CompiladorUI (macOS)";
			productReference = A982EDD9274890F60066E995 /* CompiladorUI.app */;
			productType = "com.apple.product-type.application";
		};
/* End PBXNativeTarget section */

/* Begin PBXProject section */
		A930EA0826FFB9E10062BE51 /* Project object */ = {
			isa = PBXProject;
			attributes = {
				BuildIndependentTargetsInParallel = 1;
				LastSwiftUpdateCheck = 1310;
				LastUpgradeCheck = 1300;
				TargetAttributes = {
					A930EA0F26FFB9E10062BE51 = {
						CreatedOnToolsVersion = 13.0;
					};
					A982EDD3274890F60066E995 = {
						CreatedOnToolsVersion = 13.1;
					};
					A982EDD8274890F60066E995 = {
						CreatedOnToolsVersion = 13.1;
					};
				};
			};
			buildConfigurationList = A930EA0B26FFB9E10062BE51 /* Build configuration list for PBXProject "Compilador" */;
			compatibilityVersion = "Xcode 13.0";
			developmentRegion = en;
			hasScannedForEncodings = 0;
			knownRegions = (
				en,
				Base,
			);
			mainGroup = A930EA0726FFB9E10062BE51;
			productRefGroup = A930EA1126FFB9E10062BE51 /* Products */;
			projectDirPath = "";
			projectRoot = "";
			targets = (
				A930EA0F26FFB9E10062BE51 /* Compilador */,
				A982EDD3274890F60066E995 /* CompiladorUI (iOS) */,
				A982EDD8274890F60066E995 /* CompiladorUI (macOS) */,
			);
		};
/* End PBXProject section */

/* Begin PBXResourcesBuildPhase section */
		A982EDD2274890F60066E995 /* Resources */ = {
			isa = PBXResourcesBuildPhase;
			buildActionMask = 2147483647;
			files = (
				A94E3F5F274C440D00B5A8E2 /* Icon_2.icns in Resources */,
				A982EDE0274890F60066E995 /* Assets.xcassets in Resources */,
				A982EE792749D4410066E995 /* swift.png in Resources */,
				F9D399EE274C362E00DECCB9 /* manual.json in Resources */,
			);
			runOnlyForDeploymentPostprocessing = 0;
		};
		A982EDD7274890F60066E995 /* Resources */ = {
			isa = PBXResourcesBuildPhase;
			buildActionMask = 2147483647;
			files = (
				A94E3F60274C440D00B5A8E2 /* Icon_2.icns in Resources */,
				A982EDE1274890F60066E995 /* Assets.xcassets in Resources */,
				A982EE7A2749D4410066E995 /* swift.png in Resources */,
				F9D399EF274C362E00DECCB9 /* manual.json in Resources */,
			);
			runOnlyForDeploymentPostprocessing = 0;
		};
/* End PBXResourcesBuildPhase section */

/* Begin PBXShellScriptBuildPhase section */
		A9955AC7271FAB8500A5BC43 /* ShellScript */ = {
			isa = PBXShellScriptBuildPhase;
			buildActionMask = 2147483647;
			files = (
			);
			inputFileListPaths = (
			);
			inputPaths = (
			);
			outputFileListPaths = (
			);
			outputPaths = (
			);
			runOnlyForDeploymentPostprocessing = 0;
			shellPath = /bin/sh;
			shellScript = "# Type a script or drag a script file from your workspace to insert its path.\n";
		};
/* End PBXShellScriptBuildPhase section */

/* Begin PBXSourcesBuildPhase section */
		A930EA0C26FFB9E10062BE51 /* Sources */ = {
			isa = PBXSourcesBuildPhase;
			buildActionMask = 2147483647;
			files = (
				A990DEA72716395B00C94528 /* OperatorStack.swift in Sources */,
				A9955AA5271A10A700A5BC43 /* VirtualMemoryBlock.swift in Sources */,
				A990DE9D270F779900C94528 /* Operator.swift in Sources */,
				A9955AAB271A5AA400A5BC43 /* VirtualMemorySemantic.swift in Sources */,
				A97362042737696000E1175A /* Arrays.swift in Sources */,
				A930EA2D26FFBB260062BE51 /* CompilerParser.y in Sources */,
				A930EA2926FFBB1E0062BE51 /* CompilerStream.swift in Sources */,
				A930EA2626FFBB1E0062BE51 /* OCFileInput.swift in Sources */,
				A9955AA7271A119B00A5BC43 /* SegmentType.swift in Sources */,
				A930EA2726FFBB1E0062BE51 /* OCLexInput.swift in Sources */,
				A930EA2C26FFBB260062BE51 /* CompilerLex.l in Sources */,
				A990DE92270BC12300C94528 /* Stack.swift in Sources */,
				A90B3202274E050000D0F0A3 /* SemanticCube.swift in Sources */,
				A97361E5273383DE00E1175A /* VirtualMachine.swift in Sources */,
				A990DEA92716446700C94528 /* BooleanType.swift in Sources */,
				A990DE90270BC11800C94528 /* Queue.swift in Sources */,
				A9955AC9271FC28100A5BC43 /* WriteFile.swift in Sources */,
				A9FA5EA826FFBF5100425354 /* ReadFromFile.swift in Sources */,
				A930EA1426FFB9E10062BE51 /* main.swift in Sources */,
				A990DE99270CE7D700C94528 /* Type.swift in Sources */,
				A990DE9B270CED6000C94528 /* SymbolTable.swift in Sources */,
				A930EA2826FFBB1E0062BE51 /* CompilerErrorDelegate.swift in Sources */,
				A990DEA527162F3700C94528 /* SemanticHandler.swift in Sources */,
				A990DEA22715597400C94528 /* Quadruple.swift in Sources */,
				A97361E72733841C00E1175A /* ActivationRecord.swift in Sources */,
				A990DE8E270BC0DE00C94528 /* useOfStacksAndQueues.swift in Sources */,
				A9955AA3271A0EE100A5BC43 /* VirtualMemory.swift in Sources */,
				A990DE9F2715593000C94528 /* Kind.swift in Sources */,
			);
			runOnlyForDeploymentPostprocessing = 0;
		};
		A982EDD0274890F60066E995 /* Sources */ = {
			isa = PBXSourcesBuildPhase;
			buildActionMask = 2147483647;
			files = (
				A982EE2127489A4F0066E995 /* VirtualMemorySemantic.swift in Sources */,
				A982EE3727489A900066E995 /* Queue.swift in Sources */,
				A982EE1527489A290066E995 /* VirtualMemory.swift in Sources */,
				A982EDDE274890F60066E995 /* ContentView.swift in Sources */,
				A982EE2327489A520066E995 /* SemanticHandler.swift in Sources */,
				A982EE1D27489A490066E995 /* VirtualMachine.swift in Sources */,
				A982EE652748E6090066E995 /* TextFile.swift in Sources */,
				A982EE3327489A6B0066E995 /* Arrays.swift in Sources */,
				A982EE3127489A680066E995 /* BooleanType.swift in Sources */,
				A982EE6B2748E6400066E995 /* PrimaryView.swift in Sources */,
				A982EE2727489A580066E995 /* OperatorStack.swift in Sources */,
				A982EE3527489A890066E995 /* ReadFromFile.swift in Sources */,
				A982EE1F27489A4C0066E995 /* ActivationRecord.swift in Sources */,
				A982EE712748E6730066E995 /* EditorView.swift in Sources */,
				A982EE1727489A2C0066E995 /* VirtualMemoryBlock.swift in Sources */,
				A982EE682748E62F0066E995 /* SideBar.swift in Sources */,
				A94E3F58274C29F100B5A8E2 /* CompilerLex.swift in Sources */,
				A982EDDC274890F60066E995 /* CompiladorUIApp.swift in Sources */,
				A982EE6E2748E6570066E995 /* DetailView.swift in Sources */,
				A982EE3D27489AAD0066E995 /* CompilerStream.swift in Sources */,
				A94E3F56274C29F100B5A8E2 /* CompilerParser.swift in Sources */,
				A982EE2D27489A610066E995 /* Operator.swift in Sources */,
				A982EE2F27489A640066E995 /* Kind.swift in Sources */,
				A982EE3927489A920066E995 /* Stack.swift in Sources */,
				A982EE2527489A560066E995 /* Quadruple.swift in Sources */,
				A982EE2927489A5C0066E995 /* Type.swift in Sources */,
				A982EE4127489AB50066E995 /* OCFileInput.swift in Sources */,
				A982EE2B27489A5E0066E995 /* SymbolTable.swift in Sources */,
				A982EE3B27489A950066E995 /* WriteFile.swift in Sources */,
				A982EE1B27489A470066E995 /* SegmentType.swift in Sources */,
				A982EE5B27489F7A0066E995 /* OCLexInput.swift in Sources */,
				A982EE3F27489AB00066E995 /* CompilerErrorDelegate.swift in Sources */,
			);
			runOnlyForDeploymentPostprocessing = 0;
		};
		A982EDD5274890F60066E995 /* Sources */ = {
			isa = PBXSourcesBuildPhase;
			buildActionMask = 2147483647;
			files = (
				A982EE2227489A500066E995 /* VirtualMemorySemantic.swift in Sources */,
				A982EE3827489A900066E995 /* Queue.swift in Sources */,
				A982EDDF274890F60066E995 /* ContentView.swift in Sources */,
				A982EE2427489A530066E995 /* SemanticHandler.swift in Sources */,
				A982EDDD274890F60066E995 /* CompiladorUIApp.swift in Sources */,
				A982EE1E27489A4A0066E995 /* VirtualMachine.swift in Sources */,
				A982EE662748E6090066E995 /* TextFile.swift in Sources */,
				A982EE3427489A6B0066E995 /* Arrays.swift in Sources */,
				A982EE3227489A680066E995 /* BooleanType.swift in Sources */,
				A982EE6C2748E6400066E995 /* PrimaryView.swift in Sources */,
				A982EE2827489A590066E995 /* OperatorStack.swift in Sources */,
				A982EE3627489A8A0066E995 /* ReadFromFile.swift in Sources */,
				A982EE2027489A4C0066E995 /* ActivationRecord.swift in Sources */,
				A982EE722748E6730066E995 /* EditorView.swift in Sources */,
				A982EE1627489A2A0066E995 /* VirtualMemory.swift in Sources */,
				A982EE692748E62F0066E995 /* SideBar.swift in Sources */,
				A94E3F59274C29F100B5A8E2 /* CompilerLex.swift in Sources */,
				A982EE1827489A2D0066E995 /* VirtualMemoryBlock.swift in Sources */,
				A982EE6F2748E6570066E995 /* DetailView.swift in Sources */,
				A982EE3E27489AAD0066E995 /* CompilerStream.swift in Sources */,
				A94E3F57274C29F100B5A8E2 /* CompilerParser.swift in Sources */,
				A982EE2E27489A620066E995 /* Operator.swift in Sources */,
				A982EE3027489A650066E995 /* Kind.swift in Sources */,
				A982EE3A27489A930066E995 /* Stack.swift in Sources */,
				A982EE2627489A560066E995 /* Quadruple.swift in Sources */,
				A982EE2A27489A5C0066E995 /* Type.swift in Sources */,
				A982EE4227489AB50066E995 /* OCFileInput.swift in Sources */,
				A982EE2C27489A5F0066E995 /* SymbolTable.swift in Sources */,
				A982EE3C27489A960066E995 /* WriteFile.swift in Sources */,
				A982EE1C27489A470066E995 /* SegmentType.swift in Sources */,
				A982EE5C27489F7A0066E995 /* OCLexInput.swift in Sources */,
				A982EE4027489AB00066E995 /* CompilerErrorDelegate.swift in Sources */,
			);
			runOnlyForDeploymentPostprocessing = 0;
		};
/* End PBXSourcesBuildPhase section */

/* Begin XCBuildConfiguration section */
		A930EA1526FFB9E10062BE51 /* Debug */ = {
			isa = XCBuildConfiguration;
			buildSettings = {
				ALWAYS_SEARCH_USER_PATHS = NO;
				CLANG_ANALYZER_NONNULL = YES;
				CLANG_ANALYZER_NUMBER_OBJECT_CONVERSION = YES_AGGRESSIVE;
				CLANG_CXX_LANGUAGE_STANDARD = "gnu++17";
				CLANG_CXX_LIBRARY = "libc++";
				CLANG_ENABLE_MODULES = YES;
				CLANG_ENABLE_OBJC_ARC = YES;
				CLANG_ENABLE_OBJC_WEAK = YES;
				CLANG_WARN_BLOCK_CAPTURE_AUTORELEASING = YES;
				CLANG_WARN_BOOL_CONVERSION = YES;
				CLANG_WARN_COMMA = YES;
				CLANG_WARN_CONSTANT_CONVERSION = YES;
				CLANG_WARN_DEPRECATED_OBJC_IMPLEMENTATIONS = YES;
				CLANG_WARN_DIRECT_OBJC_ISA_USAGE = YES_ERROR;
				CLANG_WARN_DOCUMENTATION_COMMENTS = YES;
				CLANG_WARN_EMPTY_BODY = YES;
				CLANG_WARN_ENUM_CONVERSION = YES;
				CLANG_WARN_INFINITE_RECURSION = YES;
				CLANG_WARN_INT_CONVERSION = YES;
				CLANG_WARN_NON_LITERAL_NULL_CONVERSION = YES;
				CLANG_WARN_OBJC_IMPLICIT_RETAIN_SELF = YES;
				CLANG_WARN_OBJC_LITERAL_CONVERSION = YES;
				CLANG_WARN_OBJC_ROOT_CLASS = YES_ERROR;
				CLANG_WARN_QUOTED_INCLUDE_IN_FRAMEWORK_HEADER = YES;
				CLANG_WARN_RANGE_LOOP_ANALYSIS = YES;
				CLANG_WARN_STRICT_PROTOTYPES = YES;
				CLANG_WARN_SUSPICIOUS_MOVE = YES;
				CLANG_WARN_UNGUARDED_AVAILABILITY = YES_AGGRESSIVE;
				CLANG_WARN_UNREACHABLE_CODE = YES;
				CLANG_WARN__DUPLICATE_METHOD_MATCH = YES;
				COPY_PHASE_STRIP = NO;
				DEBUG_INFORMATION_FORMAT = dwarf;
				ENABLE_STRICT_OBJC_MSGSEND = YES;
				ENABLE_TESTABILITY = YES;
				GCC_C_LANGUAGE_STANDARD = gnu11;
				GCC_DYNAMIC_NO_PIC = NO;
				GCC_NO_COMMON_BLOCKS = YES;
				GCC_OPTIMIZATION_LEVEL = 0;
				GCC_PREPROCESSOR_DEFINITIONS = (
					"DEBUG=1",
					"$(inherited)",
				);
				GCC_WARN_64_TO_32_BIT_CONVERSION = YES;
				GCC_WARN_ABOUT_RETURN_TYPE = YES_ERROR;
				GCC_WARN_UNDECLARED_SELECTOR = YES;
				GCC_WARN_UNINITIALIZED_AUTOS = YES_AGGRESSIVE;
				GCC_WARN_UNUSED_FUNCTION = YES;
				GCC_WARN_UNUSED_VARIABLE = YES;
				MACOSX_DEPLOYMENT_TARGET = 11.3;
				MTL_ENABLE_DEBUG_INFO = INCLUDE_SOURCE;
				MTL_FAST_MATH = YES;
				ONLY_ACTIVE_ARCH = YES;
				SDKROOT = macosx;
				SWIFT_ACTIVE_COMPILATION_CONDITIONS = DEBUG;
				SWIFT_OPTIMIZATION_LEVEL = "-Onone";
			};
			name = Debug;
		};
		A930EA1626FFB9E10062BE51 /* Release */ = {
			isa = XCBuildConfiguration;
			buildSettings = {
				ALWAYS_SEARCH_USER_PATHS = NO;
				CLANG_ANALYZER_NONNULL = YES;
				CLANG_ANALYZER_NUMBER_OBJECT_CONVERSION = YES_AGGRESSIVE;
				CLANG_CXX_LANGUAGE_STANDARD = "gnu++17";
				CLANG_CXX_LIBRARY = "libc++";
				CLANG_ENABLE_MODULES = YES;
				CLANG_ENABLE_OBJC_ARC = YES;
				CLANG_ENABLE_OBJC_WEAK = YES;
				CLANG_WARN_BLOCK_CAPTURE_AUTORELEASING = YES;
				CLANG_WARN_BOOL_CONVERSION = YES;
				CLANG_WARN_COMMA = YES;
				CLANG_WARN_CONSTANT_CONVERSION = YES;
				CLANG_WARN_DEPRECATED_OBJC_IMPLEMENTATIONS = YES;
				CLANG_WARN_DIRECT_OBJC_ISA_USAGE = YES_ERROR;
				CLANG_WARN_DOCUMENTATION_COMMENTS = YES;
				CLANG_WARN_EMPTY_BODY = YES;
				CLANG_WARN_ENUM_CONVERSION = YES;
				CLANG_WARN_INFINITE_RECURSION = YES;
				CLANG_WARN_INT_CONVERSION = YES;
				CLANG_WARN_NON_LITERAL_NULL_CONVERSION = YES;
				CLANG_WARN_OBJC_IMPLICIT_RETAIN_SELF = YES;
				CLANG_WARN_OBJC_LITERAL_CONVERSION = YES;
				CLANG_WARN_OBJC_ROOT_CLASS = YES_ERROR;
				CLANG_WARN_QUOTED_INCLUDE_IN_FRAMEWORK_HEADER = YES;
				CLANG_WARN_RANGE_LOOP_ANALYSIS = YES;
				CLANG_WARN_STRICT_PROTOTYPES = YES;
				CLANG_WARN_SUSPICIOUS_MOVE = YES;
				CLANG_WARN_UNGUARDED_AVAILABILITY = YES_AGGRESSIVE;
				CLANG_WARN_UNREACHABLE_CODE = YES;
				CLANG_WARN__DUPLICATE_METHOD_MATCH = YES;
				COPY_PHASE_STRIP = NO;
				DEBUG_INFORMATION_FORMAT = "dwarf-with-dsym";
				ENABLE_NS_ASSERTIONS = NO;
				ENABLE_STRICT_OBJC_MSGSEND = YES;
				GCC_C_LANGUAGE_STANDARD = gnu11;
				GCC_NO_COMMON_BLOCKS = YES;
				GCC_WARN_64_TO_32_BIT_CONVERSION = YES;
				GCC_WARN_ABOUT_RETURN_TYPE = YES_ERROR;
				GCC_WARN_UNDECLARED_SELECTOR = YES;
				GCC_WARN_UNINITIALIZED_AUTOS = YES_AGGRESSIVE;
				GCC_WARN_UNUSED_FUNCTION = YES;
				GCC_WARN_UNUSED_VARIABLE = YES;
				MACOSX_DEPLOYMENT_TARGET = 11.3;
				MTL_ENABLE_DEBUG_INFO = NO;
				MTL_FAST_MATH = YES;
				SDKROOT = macosx;
				SWIFT_COMPILATION_MODE = wholemodule;
				SWIFT_OPTIMIZATION_LEVEL = "-O";
			};
			name = Release;
		};
		A930EA1826FFB9E10062BE51 /* Debug */ = {
			isa = XCBuildConfiguration;
			buildSettings = {
				CODE_SIGN_STYLE = Automatic;
				DEVELOPMENT_TEAM = ALTY44U358;
				DOCC_EXEC = /usr/local/bin;
				ENABLE_HARDENED_RUNTIME = YES;
				INFOPLIST_FILE = "$(SRCROOT)/Compilador/info.plist";
				PRODUCT_NAME = "$(TARGET_NAME)";
				SWIFT_VERSION = 5.0;
			};
			name = Debug;
		};
		A930EA1926FFB9E10062BE51 /* Release */ = {
			isa = XCBuildConfiguration;
			buildSettings = {
				CODE_SIGN_STYLE = Automatic;
				DEVELOPMENT_TEAM = XYQR9G9T5T;
				DOCC_EXEC = /usr/local/bin;
				ENABLE_HARDENED_RUNTIME = YES;
				INFOPLIST_FILE = "$(SRCROOT)/Compilador/info.plist";
				PRODUCT_NAME = "$(TARGET_NAME)";
				SWIFT_VERSION = 5.0;
			};
			name = Release;
		};
		A982EDE2274890F60066E995 /* Debug */ = {
			isa = XCBuildConfiguration;
			buildSettings = {
				ASSETCATALOG_COMPILER_APPICON_NAME = AppIcon;
				ASSETCATALOG_COMPILER_GLOBAL_ACCENT_COLOR_NAME = AccentColor;
				ASSETCATALOG_COMPILER_INCLUDE_ALL_APPICON_ASSETS = YES;
				CODE_SIGN_STYLE = Automatic;
				CURRENT_PROJECT_VERSION = 1;
				DEVELOPMENT_TEAM = ALTY44U358;
				ENABLE_PREVIEWS = YES;
				GENERATE_INFOPLIST_FILE = YES;
				INFOPLIST_FILE = "CompiladorUI--iOS--Info.plist";
				INFOPLIST_KEY_UIApplicationSceneManifest_Generation = YES;
				INFOPLIST_KEY_UIApplicationSupportsIndirectInputEvents = YES;
				INFOPLIST_KEY_UILaunchScreen_Generation = YES;
				INFOPLIST_KEY_UISupportedInterfaceOrientations_iPad = "UIInterfaceOrientationPortrait UIInterfaceOrientationPortraitUpsideDown UIInterfaceOrientationLandscapeLeft UIInterfaceOrientationLandscapeRight";
				INFOPLIST_KEY_UISupportedInterfaceOrientations_iPhone = "UIInterfaceOrientationPortrait UIInterfaceOrientationLandscapeLeft UIInterfaceOrientationLandscapeRight";
				IPHONEOS_DEPLOYMENT_TARGET = 15.0;
				LD_RUNPATH_SEARCH_PATHS = (
					"$(inherited)",
					"@executable_path/Frameworks",
				);
				MARKETING_VERSION = 1.0;
				PRODUCT_BUNDLE_IDENTIFIER = alex.com.CompiladorUI;
				PRODUCT_NAME = CompiladorUI;
				SDKROOT = iphoneos;
				SWIFT_EMIT_LOC_STRINGS = YES;
				SWIFT_VERSION = 5.0;
				TARGETED_DEVICE_FAMILY = "1,2";
			};
			name = Debug;
		};
		A982EDE3274890F60066E995 /* Release */ = {
			isa = XCBuildConfiguration;
			buildSettings = {
				ASSETCATALOG_COMPILER_APPICON_NAME = AppIcon;
				ASSETCATALOG_COMPILER_GLOBAL_ACCENT_COLOR_NAME = AccentColor;
				ASSETCATALOG_COMPILER_INCLUDE_ALL_APPICON_ASSETS = YES;
				CODE_SIGN_STYLE = Automatic;
				CURRENT_PROJECT_VERSION = 1;
				DEVELOPMENT_TEAM = ALTY44U358;
				ENABLE_PREVIEWS = YES;
				GENERATE_INFOPLIST_FILE = YES;
				INFOPLIST_FILE = "CompiladorUI--iOS--Info.plist";
				INFOPLIST_KEY_UIApplicationSceneManifest_Generation = YES;
				INFOPLIST_KEY_UIApplicationSupportsIndirectInputEvents = YES;
				INFOPLIST_KEY_UILaunchScreen_Generation = YES;
				INFOPLIST_KEY_UISupportedInterfaceOrientations_iPad = "UIInterfaceOrientationPortrait UIInterfaceOrientationPortraitUpsideDown UIInterfaceOrientationLandscapeLeft UIInterfaceOrientationLandscapeRight";
				INFOPLIST_KEY_UISupportedInterfaceOrientations_iPhone = "UIInterfaceOrientationPortrait UIInterfaceOrientationLandscapeLeft UIInterfaceOrientationLandscapeRight";
				IPHONEOS_DEPLOYMENT_TARGET = 15.0;
				LD_RUNPATH_SEARCH_PATHS = (
					"$(inherited)",
					"@executable_path/Frameworks",
				);
				MARKETING_VERSION = 1.0;
				PRODUCT_BUNDLE_IDENTIFIER = alex.com.CompiladorUI;
				PRODUCT_NAME = CompiladorUI;
				SDKROOT = iphoneos;
				SWIFT_EMIT_LOC_STRINGS = YES;
				SWIFT_VERSION = 5.0;
				TARGETED_DEVICE_FAMILY = "1,2";
				VALIDATE_PRODUCT = YES;
			};
			name = Release;
		};
		A982EDE4274890F60066E995 /* Debug */ = {
			isa = XCBuildConfiguration;
			buildSettings = {
				ASSETCATALOG_COMPILER_APPICON_NAME = AppIcon;
				ASSETCATALOG_COMPILER_GLOBAL_ACCENT_COLOR_NAME = AccentColor;
				ASSETCATALOG_COMPILER_INCLUDE_ALL_APPICON_ASSETS = YES;
				CODE_SIGN_ENTITLEMENTS = macOS/macOS.entitlements;
				CODE_SIGN_STYLE = Automatic;
				COMBINE_HIDPI_IMAGES = YES;
				CURRENT_PROJECT_VERSION = 1;
				DEVELOPMENT_TEAM = ALTY44U358;
				ENABLE_HARDENED_RUNTIME = YES;
				ENABLE_PREVIEWS = YES;
				GENERATE_INFOPLIST_FILE = YES;
				INFOPLIST_FILE = "CompiladorUI--macOS--Info.plist";
				INFOPLIST_KEY_NSHumanReadableCopyright = "";
				LD_RUNPATH_SEARCH_PATHS = (
					"$(inherited)",
					"@executable_path/../Frameworks",
				);
				MACOSX_DEPLOYMENT_TARGET = 12.0;
				MARKETING_VERSION = 1.0;
				PRODUCT_BUNDLE_IDENTIFIER = alex.com.CompiladorUI;
				PRODUCT_NAME = CompiladorUI;
				SDKROOT = macosx;
				SWIFT_EMIT_LOC_STRINGS = YES;
				SWIFT_VERSION = 5.0;
			};
			name = Debug;
		};
		A982EDE5274890F60066E995 /* Release */ = {
			isa = XCBuildConfiguration;
			buildSettings = {
				ASSETCATALOG_COMPILER_APPICON_NAME = AppIcon;
				ASSETCATALOG_COMPILER_GLOBAL_ACCENT_COLOR_NAME = AccentColor;
				ASSETCATALOG_COMPILER_INCLUDE_ALL_APPICON_ASSETS = YES;
				CODE_SIGN_ENTITLEMENTS = macOS/macOS.entitlements;
				CODE_SIGN_STYLE = Automatic;
				COMBINE_HIDPI_IMAGES = YES;
				CURRENT_PROJECT_VERSION = 1;
				DEVELOPMENT_TEAM = ALTY44U358;
				ENABLE_HARDENED_RUNTIME = YES;
				ENABLE_PREVIEWS = YES;
				GENERATE_INFOPLIST_FILE = YES;
				INFOPLIST_FILE = "CompiladorUI--macOS--Info.plist";
				INFOPLIST_KEY_NSHumanReadableCopyright = "";
				LD_RUNPATH_SEARCH_PATHS = (
					"$(inherited)",
					"@executable_path/../Frameworks",
				);
				MACOSX_DEPLOYMENT_TARGET = 12.0;
				MARKETING_VERSION = 1.0;
				PRODUCT_BUNDLE_IDENTIFIER = alex.com.CompiladorUI;
				PRODUCT_NAME = CompiladorUI;
				SDKROOT = macosx;
				SWIFT_EMIT_LOC_STRINGS = YES;
				SWIFT_VERSION = 5.0;
			};
			name = Release;
		};
/* End XCBuildConfiguration section */

/* Begin XCConfigurationList section */
		A930EA0B26FFB9E10062BE51 /* Build configuration list for PBXProject "Compilador" */ = {
			isa = XCConfigurationList;
			buildConfigurations = (
				A930EA1526FFB9E10062BE51 /* Debug */,
				A930EA1626FFB9E10062BE51 /* Release */,
			);
			defaultConfigurationIsVisible = 0;
			defaultConfigurationName = Release;
		};
		A930EA1726FFB9E10062BE51 /* Build configuration list for PBXNativeTarget "Compilador" */ = {
			isa = XCConfigurationList;
			buildConfigurations = (
				A930EA1826FFB9E10062BE51 /* Debug */,
				A930EA1926FFB9E10062BE51 /* Release */,
			);
			defaultConfigurationIsVisible = 0;
			defaultConfigurationName = Release;
		};
		A982EDE6274890F60066E995 /* Build configuration list for PBXNativeTarget "CompiladorUI (iOS)" */ = {
			isa = XCConfigurationList;
			buildConfigurations = (
				A982EDE2274890F60066E995 /* Debug */,
				A982EDE3274890F60066E995 /* Release */,
			);
			defaultConfigurationIsVisible = 0;
			defaultConfigurationName = Release;
		};
		A982EDE7274890F60066E995 /* Build configuration list for PBXNativeTarget "CompiladorUI (macOS)" */ = {
			isa = XCConfigurationList;
			buildConfigurations = (
				A982EDE4274890F60066E995 /* Debug */,
				A982EDE5274890F60066E995 /* Release */,
			);
			defaultConfigurationIsVisible = 0;
			defaultConfigurationName = Release;
		};
/* End XCConfigurationList section */
	};
	rootObject = A930EA0826FFB9E10062BE51 /* Project object */;
}
